// !$*UTF8*$!
{
	archiveVersion = 1;
	classes = {
	};
	objectVersion = 50;
	objects = {

/* Begin PBXBuildFile section */
		6D8C08CE247531E300D5BA10 /* AppDelegate.swift in Sources */ = {isa = PBXBuildFile; fileRef = 6D8C08CD247531E300D5BA10 /* AppDelegate.swift */; };
		6D8C08D0247531E300D5BA10 /* SceneDelegate.swift in Sources */ = {isa = PBXBuildFile; fileRef = 6D8C08CF247531E300D5BA10 /* SceneDelegate.swift */; };
		6D8C08D2247531E300D5BA10 /* ContentView.swift in Sources */ = {isa = PBXBuildFile; fileRef = 6D8C08D1247531E300D5BA10 /* ContentView.swift */; };
		6D8C08D4247531E500D5BA10 /* Assets.xcassets in Resources */ = {isa = PBXBuildFile; fileRef = 6D8C08D3247531E500D5BA10 /* Assets.xcassets */; };
		6D8C08D7247531E500D5BA10 /* Preview Assets.xcassets in Resources */ = {isa = PBXBuildFile; fileRef = 6D8C08D6247531E500D5BA10 /* Preview Assets.xcassets */; };
		6D8C08DA247531E500D5BA10 /* LaunchScreen.storyboard in Resources */ = {isa = PBXBuildFile; fileRef = 6D8C08D8247531E500D5BA10 /* LaunchScreen.storyboard */; };
		6D8C08E22475324800D5BA10 /* User-Day60.swift in Sources */ = {isa = PBXBuildFile; fileRef = 6D8C08E12475324800D5BA10 /* User-Day60.swift */; };
		6D8C08E824753E2C00D5BA10 /* DetailView.swift in Sources */ = {isa = PBXBuildFile; fileRef = 6D8C08E724753E2C00D5BA10 /* DetailView.swift */; };
		6D8C08ED24754CFE00D5BA10 /* FriendFace.xcdatamodeld in Sources */ = {isa = PBXBuildFile; fileRef = 6D8C08EB24754CFE00D5BA10 /* FriendFace.xcdatamodeld */; };
		6D8C08FF2475548100D5BA10 /* ContentView-Day60.swift in Sources */ = {isa = PBXBuildFile; fileRef = 6D8C08FE2475548100D5BA10 /* ContentView-Day60.swift */; };
		6D8C0901247554C600D5BA10 /* DetailView-Day60.swift in Sources */ = {isa = PBXBuildFile; fileRef = 6D8C0900247554C600D5BA10 /* DetailView-Day60.swift */; };
		6D8C0906247567A500D5BA10 /* Friend+CoreDataClass.swift in Sources */ = {isa = PBXBuildFile; fileRef = 6D8C0902247567A500D5BA10 /* Friend+CoreDataClass.swift */; };
		6D8C0907247567A500D5BA10 /* Friend+CoreDataProperties.swift in Sources */ = {isa = PBXBuildFile; fileRef = 6D8C0903247567A500D5BA10 /* Friend+CoreDataProperties.swift */; };
		6D8C0908247567A500D5BA10 /* User+CoreDataClass.swift in Sources */ = {isa = PBXBuildFile; fileRef = 6D8C0904247567A500D5BA10 /* User+CoreDataClass.swift */; };
		6D8C0909247567A500D5BA10 /* User+CoreDataProperties.swift in Sources */ = {isa = PBXBuildFile; fileRef = 6D8C0905247567A500D5BA10 /* User+CoreDataProperties.swift */; };
		6D8C090B24756BF400D5BA10 /* ContentViewModel.swift in Sources */ = {isa = PBXBuildFile; fileRef = 6D8C090A24756BF400D5BA10 /* ContentViewModel.swift */; };
/* End PBXBuildFile section */

/* Begin PBXFileReference section */
		6D8C08CA247531E300D5BA10 /* FriendFace.app */ = {isa = PBXFileReference; explicitFileType = wrapper.application; includeInIndex = 0; path = FriendFace.app; sourceTree = BUILT_PRODUCTS_DIR; };
		6D8C08CD247531E300D5BA10 /* AppDelegate.swift */ = {isa = PBXFileReference; lastKnownFileType = sourcecode.swift; path = AppDelegate.swift; sourceTree = "<group>"; };
		6D8C08CF247531E300D5BA10 /* SceneDelegate.swift */ = {isa = PBXFileReference; lastKnownFileType = sourcecode.swift; path = SceneDelegate.swift; sourceTree = "<group>"; };
		6D8C08D1247531E300D5BA10 /* ContentView.swift */ = {isa = PBXFileReference; lastKnownFileType = sourcecode.swift; path = ContentView.swift; sourceTree = "<group>"; };
		6D8C08D3247531E500D5BA10 /* Assets.xcassets */ = {isa = PBXFileReference; lastKnownFileType = folder.assetcatalog; path = Assets.xcassets; sourceTree = "<group>"; };
		6D8C08D6247531E500D5BA10 /* Preview Assets.xcassets */ = {isa = PBXFileReference; lastKnownFileType = folder.assetcatalog; path = "Preview Assets.xcassets"; sourceTree = "<group>"; };
		6D8C08D9247531E500D5BA10 /* Base */ = {isa = PBXFileReference; lastKnownFileType = file.storyboard; name = Base; path = Base.lproj/LaunchScreen.storyboard; sourceTree = "<group>"; };
		6D8C08DB247531E500D5BA10 /* Info.plist */ = {isa = PBXFileReference; lastKnownFileType = text.plist.xml; path = Info.plist; sourceTree = "<group>"; };
		6D8C08E12475324800D5BA10 /* User-Day60.swift */ = {isa = PBXFileReference; lastKnownFileType = sourcecode.swift; path = "User-Day60.swift"; sourceTree = "<group>"; };
		6D8C08E724753E2C00D5BA10 /* DetailView.swift */ = {isa = PBXFileReference; lastKnownFileType = sourcecode.swift; path = DetailView.swift; sourceTree = "<group>"; };
		6D8C08EC24754CFE00D5BA10 /* FriendFace.xcdatamodel */ = {isa = PBXFileReference; lastKnownFileType = wrapper.xcdatamodel; path = FriendFace.xcdatamodel; sourceTree = "<group>"; };
		6D8C08FE2475548100D5BA10 /* ContentView-Day60.swift */ = {isa = PBXFileReference; fileEncoding = 4; lastKnownFileType = sourcecode.swift; path = "ContentView-Day60.swift"; sourceTree = "<group>"; };
		6D8C0900247554C600D5BA10 /* DetailView-Day60.swift */ = {isa = PBXFileReference; fileEncoding = 4; lastKnownFileType = sourcecode.swift; path = "DetailView-Day60.swift"; sourceTree = "<group>"; };
		6D8C0902247567A500D5BA10 /* Friend+CoreDataClass.swift */ = {isa = PBXFileReference; lastKnownFileType = sourcecode.swift; path = "Friend+CoreDataClass.swift"; sourceTree = "<group>"; };
		6D8C0903247567A500D5BA10 /* Friend+CoreDataProperties.swift */ = {isa = PBXFileReference; lastKnownFileType = sourcecode.swift; path = "Friend+CoreDataProperties.swift"; sourceTree = "<group>"; };
		6D8C0904247567A500D5BA10 /* User+CoreDataClass.swift */ = {isa = PBXFileReference; lastKnownFileType = sourcecode.swift; path = "User+CoreDataClass.swift"; sourceTree = "<group>"; };
		6D8C0905247567A500D5BA10 /* User+CoreDataProperties.swift */ = {isa = PBXFileReference; lastKnownFileType = sourcecode.swift; path = "User+CoreDataProperties.swift"; sourceTree = "<group>"; };
		6D8C090A24756BF400D5BA10 /* ContentViewModel.swift */ = {isa = PBXFileReference; lastKnownFileType = sourcecode.swift; path = ContentViewModel.swift; sourceTree = "<group>"; };
/* End PBXFileReference section */

/* Begin PBXFrameworksBuildPhase section */
		6D8C08C7247531E300D5BA10 /* Frameworks */ = {
			isa = PBXFrameworksBuildPhase;
			buildActionMask = 2147483647;
			files = (
			);
			runOnlyForDeploymentPostprocessing = 0;
		};
/* End PBXFrameworksBuildPhase section */

/* Begin PBXGroup section */
		6D8C08C1247531E300D5BA10 = {
			isa = PBXGroup;
			children = (
				6D8C08CC247531E300D5BA10 /* FriendFace */,
				6D8C08CB247531E300D5BA10 /* Products */,
			);
			sourceTree = "<group>";
		};
		6D8C08CB247531E300D5BA10 /* Products */ = {
			isa = PBXGroup;
			children = (
				6D8C08CA247531E300D5BA10 /* FriendFace.app */,
			);
			name = Products;
			sourceTree = "<group>";
		};
		6D8C08CC247531E300D5BA10 /* FriendFace */ = {
			isa = PBXGroup;
			children = (
				6D8C0902247567A500D5BA10 /* Friend+CoreDataClass.swift */,
				6D8C0903247567A500D5BA10 /* Friend+CoreDataProperties.swift */,
				6D8C0904247567A500D5BA10 /* User+CoreDataClass.swift */,
				6D8C0905247567A500D5BA10 /* User+CoreDataProperties.swift */,
				6D8C08CD247531E300D5BA10 /* AppDelegate.swift */,
				6D8C08CF247531E300D5BA10 /* SceneDelegate.swift */,
				6D8C090A24756BF400D5BA10 /* ContentViewModel.swift */,
				6D8C08D1247531E300D5BA10 /* ContentView.swift */,
				6D8C08E724753E2C00D5BA10 /* DetailView.swift */,
				6D8C08FE2475548100D5BA10 /* ContentView-Day60.swift */,
				6D8C0900247554C600D5BA10 /* DetailView-Day60.swift */,
				6D8C08E12475324800D5BA10 /* User-Day60.swift */,
				6D8C08D3247531E500D5BA10 /* Assets.xcassets */,
				6D8C08D8247531E500D5BA10 /* LaunchScreen.storyboard */,
				6D8C08DB247531E500D5BA10 /* Info.plist */,
				6D8C08EB24754CFE00D5BA10 /* FriendFace.xcdatamodeld */,
				6D8C08D5247531E500D5BA10 /* Preview Content */,
			);
			path = FriendFace;
			sourceTree = "<group>";
		};
		6D8C08D5247531E500D5BA10 /* Preview Content */ = {
			isa = PBXGroup;
			children = (
				6D8C08D6247531E500D5BA10 /* Preview Assets.xcassets */,
			);
			path = "Preview Content";
			sourceTree = "<group>";
		};
/* End PBXGroup section */

/* Begin PBXNativeTarget section */
		6D8C08C9247531E300D5BA10 /* FriendFace */ = {
			isa = PBXNativeTarget;
			buildConfigurationList = 6D8C08DE247531E500D5BA10 /* Build configuration list for PBXNativeTarget "FriendFace" */;
			buildPhases = (
				6D8C08C6247531E300D5BA10 /* Sources */,
				6D8C08C7247531E300D5BA10 /* Frameworks */,
				6D8C08C8247531E300D5BA10 /* Resources */,
			);
			buildRules = (
			);
			dependencies = (
			);
			name = FriendFace;
			productName = FriendFace;
			productReference = 6D8C08CA247531E300D5BA10 /* FriendFace.app */;
			productType = "com.apple.product-type.application";
		};
/* End PBXNativeTarget section */

/* Begin PBXProject section */
		6D8C08C2247531E300D5BA10 /* Project object */ = {
			isa = PBXProject;
			attributes = {
				LastSwiftUpdateCheck = 1140;
				LastUpgradeCheck = 1140;
				ORGANIZATIONNAME = Alexani;
				TargetAttributes = {
					6D8C08C9247531E300D5BA10 = {
						CreatedOnToolsVersion = 11.4.1;
					};
				};
			};
			buildConfigurationList = 6D8C08C5247531E300D5BA10 /* Build configuration list for PBXProject "FriendFace" */;
			compatibilityVersion = "Xcode 9.3";
			developmentRegion = en;
			hasScannedForEncodings = 0;
			knownRegions = (
				en,
				Base,
			);
			mainGroup = 6D8C08C1247531E300D5BA10;
			productRefGroup = 6D8C08CB247531E300D5BA10 /* Products */;
			projectDirPath = "";
			projectRoot = "";
			targets = (
				6D8C08C9247531E300D5BA10 /* FriendFace */,
			);
		};
/* End PBXProject section */

/* Begin PBXResourcesBuildPhase section */
		6D8C08C8247531E300D5BA10 /* Resources */ = {
			isa = PBXResourcesBuildPhase;
			buildActionMask = 2147483647;
			files = (
				6D8C08DA247531E500D5BA10 /* LaunchScreen.storyboard in Resources */,
				6D8C08D7247531E500D5BA10 /* Preview Assets.xcassets in Resources */,
				6D8C08D4247531E500D5BA10 /* Assets.xcassets in Resources */,
			);
			runOnlyForDeploymentPostprocessing = 0;
		};
/* End PBXResourcesBuildPhase section */

/* Begin PBXSourcesBuildPhase section */
		6D8C08C6247531E300D5BA10 /* Sources */ = {
			isa = PBXSourcesBuildPhase;
			buildActionMask = 2147483647;
			files = (
				6D8C0901247554C600D5BA10 /* DetailView-Day60.swift in Sources */,
				6D8C090B24756BF400D5BA10 /* ContentViewModel.swift in Sources */,
				6D8C08ED24754CFE00D5BA10 /* FriendFace.xcdatamodeld in Sources */,
				6D8C0909247567A500D5BA10 /* User+CoreDataProperties.swift in Sources */,
				6D8C08E22475324800D5BA10 /* User-Day60.swift in Sources */,
				6D8C08E824753E2C00D5BA10 /* DetailView.swift in Sources */,
				6D8C0906247567A500D5BA10 /* Friend+CoreDataClass.swift in Sources */,
				6D8C08CE247531E300D5BA10 /* AppDelegate.swift in Sources */,
				6D8C08FF2475548100D5BA10 /* ContentView-Day60.swift in Sources */,
				6D8C0907247567A500D5BA10 /* Friend+CoreDataProperties.swift in Sources */,
				6D8C0908247567A500D5BA10 /* User+CoreDataClass.swift in Sources */,
				6D8C08D0247531E300D5BA10 /* SceneDelegate.swift in Sources */,
				6D8C08D2247531E300D5BA10 /* ContentView.swift in Sources */,
			);
			runOnlyForDeploymentPostprocessing = 0;
		};
/* End PBXSourcesBuildPhase section */

/* Begin PBXVariantGroup section */
		6D8C08D8247531E500D5BA10 /* LaunchScreen.storyboard */ = {
			isa = PBXVariantGroup;
			children = (
				6D8C08D9247531E500D5BA10 /* Base */,
			);
			name = LaunchScreen.storyboard;
			sourceTree = "<group>";
		};
/* End PBXVariantGroup section */

/* Begin XCBuildConfiguration section */
		6D8C08DC247531E500D5BA10 /* Debug */ = {
			isa = XCBuildConfiguration;
			buildSettings = {
				ALWAYS_SEARCH_USER_PATHS = NO;
				CLANG_ANALYZER_NONNULL = YES;
				CLANG_ANALYZER_NUMBER_OBJECT_CONVERSION = YES_AGGRESSIVE;
				CLANG_CXX_LANGUAGE_STANDARD = "gnu++14";
				CLANG_CXX_LIBRARY = "libc++";
				CLANG_ENABLE_MODULES = YES;
				CLANG_ENABLE_OBJC_ARC = YES;
				CLANG_ENABLE_OBJC_WEAK = YES;
				CLANG_WARN_BLOCK_CAPTURE_AUTORELEASING = YES;
				CLANG_WARN_BOOL_CONVERSION = YES;
				CLANG_WARN_COMMA = YES;
				CLANG_WARN_CONSTANT_CONVERSION = YES;
				CLANG_WARN_DEPRECATED_OBJC_IMPLEMENTATIONS = YES;
				CLANG_WARN_DIRECT_OBJC_ISA_USAGE = YES_ERROR;
				CLANG_WARN_DOCUMENTATION_COMMENTS = YES;
				CLANG_WARN_EMPTY_BODY = YES;
				CLANG_WARN_ENUM_CONVERSION = YES;
				CLANG_WARN_INFINITE_RECURSION = YES;
				CLANG_WARN_INT_CONVERSION = YES;
				CLANG_WARN_NON_LITERAL_NULL_CONVERSION = YES;
				CLANG_WARN_OBJC_IMPLICIT_RETAIN_SELF = YES;
				CLANG_WARN_OBJC_LITERAL_CONVERSION = YES;
				CLANG_WARN_OBJC_ROOT_CLASS = YES_ERROR;
				CLANG_WARN_RANGE_LOOP_ANALYSIS = YES;
				CLANG_WARN_STRICT_PROTOTYPES = YES;
				CLANG_WARN_SUSPICIOUS_MOVE = YES;
				CLANG_WARN_UNGUARDED_AVAILABILITY = YES_AGGRESSIVE;
				CLANG_WARN_UNREACHABLE_CODE = YES;
				CLANG_WARN__DUPLICATE_METHOD_MATCH = YES;
				COPY_PHASE_STRIP = NO;
				DEBUG_INFORMATION_FORMAT = dwarf;
				ENABLE_STRICT_OBJC_MSGSEND = YES;
				ENABLE_TESTABILITY = YES;
				GCC_C_LANGUAGE_STANDARD = gnu11;
				GCC_DYNAMIC_NO_PIC = NO;
				GCC_NO_COMMON_BLOCKS = YES;
				GCC_OPTIMIZATION_LEVEL = 0;
				GCC_PREPROCESSOR_DEFINITIONS = (
					"DEBUG=1",
					"$(inherited)",
				);
				GCC_WARN_64_TO_32_BIT_CONVERSION = YES;
				GCC_WARN_ABOUT_RETURN_TYPE = YES_ERROR;
				GCC_WARN_UNDECLARED_SELECTOR = YES;
				GCC_WARN_UNINITIALIZED_AUTOS = YES_AGGRESSIVE;
				GCC_WARN_UNUSED_FUNCTION = YES;
				GCC_WARN_UNUSED_VARIABLE = YES;
				IPHONEOS_DEPLOYMENT_TARGET = 13.4;
				MTL_ENABLE_DEBUG_INFO = INCLUDE_SOURCE;
				MTL_FAST_MATH = YES;
				ONLY_ACTIVE_ARCH = YES;
				SDKROOT = iphoneos;
				SWIFT_ACTIVE_COMPILATION_CONDITIONS = DEBUG;
				SWIFT_OPTIMIZATION_LEVEL = "-Onone";
			};
			name = Debug;
		};
		6D8C08DD247531E500D5BA10 /* Release */ = {
			isa = XCBuildConfiguration;
			buildSettings = {
				ALWAYS_SEARCH_USER_PATHS = NO;
				CLANG_ANALYZER_NONNULL = YES;
				CLANG_ANALYZER_NUMBER_OBJECT_CONVERSION = YES_AGGRESSIVE;
				CLANG_CXX_LANGUAGE_STANDARD = "gnu++14";
				CLANG_CXX_LIBRARY = "libc++";
				CLANG_ENABLE_MODULES = YES;
				CLANG_ENABLE_OBJC_ARC = YES;
				CLANG_ENABLE_OBJC_WEAK = YES;
				CLANG_WARN_BLOCK_CAPTURE_AUTORELEASING = YES;
				CLANG_WARN_BOOL_CONVERSION = YES;
				CLANG_WARN_COMMA = YES;
				CLANG_WARN_CONSTANT_CONVERSION = YES;
				CLANG_WARN_DEPRECATED_OBJC_IMPLEMENTATIONS = YES;
				CLANG_WARN_DIRECT_OBJC_ISA_USAGE = YES_ERROR;
				CLANG_WARN_DOCUMENTATION_COMMENTS = YES;
				CLANG_WARN_EMPTY_BODY = YES;
				CLANG_WARN_ENUM_CONVERSION = YES;
				CLANG_WARN_INFINITE_RECURSION = YES;
				CLANG_WARN_INT_CONVERSION = YES;
				CLANG_WARN_NON_LITERAL_NULL_CONVERSION = YES;
				CLANG_WARN_OBJC_IMPLICIT_RETAIN_SELF = YES;
				CLANG_WARN_OBJC_LITERAL_CONVERSION = YES;
				CLANG_WARN_OBJC_ROOT_CLASS = YES_ERROR;
				CLANG_WARN_RANGE_LOOP_ANALYSIS = YES;
				CLANG_WARN_STRICT_PROTOTYPES = YES;
				CLANG_WARN_SUSPICIOUS_MOVE = YES;
				CLANG_WARN_UNGUARDED_AVAILABILITY = YES_AGGRESSIVE;
				CLANG_WARN_UNREACHABLE_CODE = YES;
				CLANG_WARN__DUPLICATE_METHOD_MATCH = YES;
				COPY_PHASE_STRIP = NO;
				DEBUG_INFORMATION_FORMAT = "dwarf-with-dsym";
				ENABLE_NS_ASSERTIONS = NO;
				ENABLE_STRICT_OBJC_MSGSEND = YES;
				GCC_C_LANGUAGE_STANDARD = gnu11;
				GCC_NO_COMMON_BLOCKS = YES;
				GCC_WARN_64_TO_32_BIT_CONVERSION = YES;
				GCC_WARN_ABOUT_RETURN_TYPE = YES_ERROR;
				GCC_WARN_UNDECLARED_SELECTOR = YES;
				GCC_WARN_UNINITIALIZED_AUTOS = YES_AGGRESSIVE;
				GCC_WARN_UNUSED_FUNCTION = YES;
				GCC_WARN_UNUSED_VARIABLE = YES;
				IPHONEOS_DEPLOYMENT_TARGET = 13.4;
				MTL_ENABLE_DEBUG_INFO = NO;
				MTL_FAST_MATH = YES;
				SDKROOT = iphoneos;
				SWIFT_COMPILATION_MODE = wholemodule;
				SWIFT_OPTIMIZATION_LEVEL = "-O";
				VALIDATE_PRODUCT = YES;
			};
			name = Release;
		};
		6D8C08DF247531E500D5BA10 /* Debug */ = {
			isa = XCBuildConfiguration;
			buildSettings = {
				ASSETCATALOG_COMPILER_APPICON_NAME = AppIcon;
				CODE_SIGN_STYLE = Automatic;
				DEVELOPMENT_ASSET_PATHS = "\"FriendFace/Preview Content\"";
				DEVELOPMENT_TEAM = 32J3958STN;
				ENABLE_PREVIEWS = YES;
				INFOPLIST_FILE = FriendFace/Info.plist;
				LD_RUNPATH_SEARCH_PATHS = (
					"$(inherited)",
					"@executable_path/Frameworks",
				);
				PRODUCT_BUNDLE_IDENTIFIER = com.Alexani.FriendFace;
				PRODUCT_NAME = "$(TARGET_NAME)";
				SWIFT_VERSION = 5.0;
				TARGETED_DEVICE_FAMILY = "1,2";
			};
			name = Debug;
		};
		6D8C08E0247531E500D5BA10 /* Release */ = {
			isa = XCBuildConfiguration;
			buildSettings = {
				ASSETCATALOG_COMPILER_APPICON_NAME = AppIcon;
				CODE_SIGN_STYLE = Automatic;
				DEVELOPMENT_ASSET_PATHS = "\"FriendFace/Preview Content\"";
				DEVELOPMENT_TEAM = 32J3958STN;
				ENABLE_PREVIEWS = YES;
				INFOPLIST_FILE = FriendFace/Info.plist;
				LD_RUNPATH_SEARCH_PATHS = (
					"$(inherited)",
					"@executable_path/Frameworks",
				);
				PRODUCT_BUNDLE_IDENTIFIER = com.Alexani.FriendFace;
				PRODUCT_NAME = "$(TARGET_NAME)";
				SWIFT_VERSION = 5.0;
				TARGETED_DEVICE_FAMILY = "1,2";
			};
			name = Release;
		};
/* End XCBuildConfiguration section */

/* Begin XCConfigurationList section */
		6D8C08C5247531E300D5BA10 /* Build configuration list for PBXProject "FriendFace" */ = {
			isa = XCConfigurationList;
			buildConfigurations = (
				6D8C08DC247531E500D5BA10 /* Debug */,
				6D8C08DD247531E500D5BA10 /* Release */,
			);
			defaultConfigurationIsVisible = 0;
			defaultConfigurationName = Release;
		};
		6D8C08DE247531E500D5BA10 /* Build configuration list for PBXNativeTarget "FriendFace" */ = {
			isa = XCConfigurationList;
			buildConfigurations = (
				6D8C08DF247531E500D5BA10 /* Debug */,
				6D8C08E0247531E500D5BA10 /* Release */,
			);
			defaultConfigurationIsVisible = 0;
			defaultConfigurationName = Release;
		};
/* End XCConfigurationList section */

/* Begin XCVersionGroup section */
		6D8C08EB24754CFE00D5BA10 /* FriendFace.xcdatamodeld */ = {
			isa = XCVersionGroup;
			children = (
				6D8C08EC24754CFE00D5BA10 /* FriendFace.xcdatamodel */,
			);
			currentVersion = 6D8C08EC24754CFE00D5BA10 /* FriendFace.xcdatamodel */;
			path = FriendFace.xcdatamodeld;
			sourceTree = "<group>";
			versionGroupType = wrapper.xcdatamodel;
		};
/* End XCVersionGroup section */
	};
	rootObject = 6D8C08C2247531E300D5BA10 /* Project object */;
}
