// !$*UTF8*$!
{
	archiveVersion = 1;
	classes = {
	};
	objectVersion = 50;
	objects = {

/* Begin PBXBuildFile section */
		6D5D2CC8245C4D9F005C2694 /* AppDelegate.swift in Sources */ = {isa = PBXBuildFile; fileRef = 6D5D2CC7245C4D9F005C2694 /* AppDelegate.swift */; };
		6D5D2CCA245C4D9F005C2694 /* SceneDelegate.swift in Sources */ = {isa = PBXBuildFile; fileRef = 6D5D2CC9245C4D9F005C2694 /* SceneDelegate.swift */; };
		6D5D2CCC245C4D9F005C2694 /* ContentView.swift in Sources */ = {isa = PBXBuildFile; fileRef = 6D5D2CCB245C4D9F005C2694 /* ContentView.swift */; };
		6D5D2CCE245C4DA1005C2694 /* Assets.xcassets in Resources */ = {isa = PBXBuildFile; fileRef = 6D5D2CCD245C4DA1005C2694 /* Assets.xcassets */; };
		6D5D2CD1245C4DA1005C2694 /* Preview Assets.xcassets in Resources */ = {isa = PBXBuildFile; fileRef = 6D5D2CD0245C4DA1005C2694 /* Preview Assets.xcassets */; };
		6D5D2CD4245C4DA1005C2694 /* LaunchScreen.storyboard in Resources */ = {isa = PBXBuildFile; fileRef = 6D5D2CD2245C4DA1005C2694 /* LaunchScreen.storyboard */; };
		6D6A4E39245DC1050041EF9A /* FlowerView.swift in Sources */ = {isa = PBXBuildFile; fileRef = 6D6A4E38245DC1050041EF9A /* FlowerView.swift */; };
		6D6A4E3B245DC3C80041EF9A /* ColorCycleView.swift in Sources */ = {isa = PBXBuildFile; fileRef = 6D6A4E3A245DC3C80041EF9A /* ColorCycleView.swift */; };
/* End PBXBuildFile section */

/* Begin PBXFileReference section */
		6D5D2CC4245C4D9F005C2694 /* Drawing.app */ = {isa = PBXFileReference; explicitFileType = wrapper.application; includeInIndex = 0; path = Drawing.app; sourceTree = BUILT_PRODUCTS_DIR; };
		6D5D2CC7245C4D9F005C2694 /* AppDelegate.swift */ = {isa = PBXFileReference; lastKnownFileType = sourcecode.swift; path = AppDelegate.swift; sourceTree = "<group>"; };
		6D5D2CC9245C4D9F005C2694 /* SceneDelegate.swift */ = {isa = PBXFileReference; lastKnownFileType = sourcecode.swift; path = SceneDelegate.swift; sourceTree = "<group>"; };
		6D5D2CCB245C4D9F005C2694 /* ContentView.swift */ = {isa = PBXFileReference; lastKnownFileType = sourcecode.swift; path = ContentView.swift; sourceTree = "<group>"; };
		6D5D2CCD245C4DA1005C2694 /* Assets.xcassets */ = {isa = PBXFileReference; lastKnownFileType = folder.assetcatalog; path = Assets.xcassets; sourceTree = "<group>"; };
		6D5D2CD0245C4DA1005C2694 /* Preview Assets.xcassets */ = {isa = PBXFileReference; lastKnownFileType = folder.assetcatalog; path = "Preview Assets.xcassets"; sourceTree = "<group>"; };
		6D5D2CD3245C4DA1005C2694 /* Base */ = {isa = PBXFileReference; lastKnownFileType = file.storyboard; name = Base; path = Base.lproj/LaunchScreen.storyboard; sourceTree = "<group>"; };
		6D5D2CD5245C4DA1005C2694 /* Info.plist */ = {isa = PBXFileReference; lastKnownFileType = text.plist.xml; path = Info.plist; sourceTree = "<group>"; };
		6D6A4E38245DC1050041EF9A /* FlowerView.swift */ = {isa = PBXFileReference; lastKnownFileType = sourcecode.swift; path = FlowerView.swift; sourceTree = "<group>"; };
		6D6A4E3A245DC3C80041EF9A /* ColorCycleView.swift */ = {isa = PBXFileReference; lastKnownFileType = sourcecode.swift; path = ColorCycleView.swift; sourceTree = "<group>"; };
/* End PBXFileReference section */

/* Begin PBXFrameworksBuildPhase section */
		6D5D2CC1245C4D9F005C2694 /* Frameworks */ = {
			isa = PBXFrameworksBuildPhase;
			buildActionMask = 2147483647;
			files = (
			);
			runOnlyForDeploymentPostprocessing = 0;
		};
/* End PBXFrameworksBuildPhase section */

/* Begin PBXGroup section */
		6D5D2CBB245C4D9F005C2694 = {
			isa = PBXGroup;
			children = (
				6D5D2CC6245C4D9F005C2694 /* Drawing */,
				6D5D2CC5245C4D9F005C2694 /* Products */,
			);
			sourceTree = "<group>";
		};
		6D5D2CC5245C4D9F005C2694 /* Products */ = {
			isa = PBXGroup;
			children = (
				6D5D2CC4245C4D9F005C2694 /* Drawing.app */,
			);
			name = Products;
			sourceTree = "<group>";
		};
		6D5D2CC6245C4D9F005C2694 /* Drawing */ = {
			isa = PBXGroup;
			children = (
				6D5D2CC7245C4D9F005C2694 /* AppDelegate.swift */,
				6D5D2CC9245C4D9F005C2694 /* SceneDelegate.swift */,
				6D5D2CCB245C4D9F005C2694 /* ContentView.swift */,
				6D6A4E3A245DC3C80041EF9A /* ColorCycleView.swift */,
				6D6A4E38245DC1050041EF9A /* FlowerView.swift */,
				6D5D2CCD245C4DA1005C2694 /* Assets.xcassets */,
				6D5D2CD2245C4DA1005C2694 /* LaunchScreen.storyboard */,
				6D5D2CD5245C4DA1005C2694 /* Info.plist */,
				6D5D2CCF245C4DA1005C2694 /* Preview Content */,
			);
			path = Drawing;
			sourceTree = "<group>";
		};
		6D5D2CCF245C4DA1005C2694 /* Preview Content */ = {
			isa = PBXGroup;
			children = (
				6D5D2CD0245C4DA1005C2694 /* Preview Assets.xcassets */,
			);
			path = "Preview Content";
			sourceTree = "<group>";
		};
/* End PBXGroup section */

/* Begin PBXNativeTarget section */
		6D5D2CC3245C4D9F005C2694 /* Drawing */ = {
			isa = PBXNativeTarget;
			buildConfigurationList = 6D5D2CD8245C4DA1005C2694 /* Build configuration list for PBXNativeTarget "Drawing" */;
			buildPhases = (
				6D5D2CC0245C4D9F005C2694 /* Sources */,
				6D5D2CC1245C4D9F005C2694 /* Frameworks */,
				6D5D2CC2245C4D9F005C2694 /* Resources */,
			);
			buildRules = (
			);
			dependencies = (
			);
			name = Drawing;
			productName = Drawing;
			productReference = 6D5D2CC4245C4D9F005C2694 /* Drawing.app */;
			productType = "com.apple.product-type.application";
		};
/* End PBXNativeTarget section */

/* Begin PBXProject section */
		6D5D2CBC245C4D9F005C2694 /* Project object */ = {
			isa = PBXProject;
			attributes = {
				LastSwiftUpdateCheck = 1130;
				LastUpgradeCheck = 1130;
				ORGANIZATIONNAME = Alexani;
				TargetAttributes = {
					6D5D2CC3245C4D9F005C2694 = {
						CreatedOnToolsVersion = 11.3.1;
					};
				};
			};
			buildConfigurationList = 6D5D2CBF245C4D9F005C2694 /* Build configuration list for PBXProject "Drawing" */;
			compatibilityVersion = "Xcode 9.3";
			developmentRegion = en;
			hasScannedForEncodings = 0;
			knownRegions = (
				en,
				Base,
			);
			mainGroup = 6D5D2CBB245C4D9F005C2694;
			productRefGroup = 6D5D2CC5245C4D9F005C2694 /* Products */;
			projectDirPath = "";
			projectRoot = "";
			targets = (
				6D5D2CC3245C4D9F005C2694 /* Drawing */,
			);
		};
/* End PBXProject section */

/* Begin PBXResourcesBuildPhase section */
		6D5D2CC2245C4D9F005C2694 /* Resources */ = {
			isa = PBXResourcesBuildPhase;
			buildActionMask = 2147483647;
			files = (
				6D5D2CD4245C4DA1005C2694 /* LaunchScreen.storyboard in Resources */,
				6D5D2CD1245C4DA1005C2694 /* Preview Assets.xcassets in Resources */,
				6D5D2CCE245C4DA1005C2694 /* Assets.xcassets in Resources */,
			);
			runOnlyForDeploymentPostprocessing = 0;
		};
/* End PBXResourcesBuildPhase section */

/* Begin PBXSourcesBuildPhase section */
		6D5D2CC0245C4D9F005C2694 /* Sources */ = {
			isa = PBXSourcesBuildPhase;
			buildActionMask = 2147483647;
			files = (
				6D6A4E3B245DC3C80041EF9A /* ColorCycleView.swift in Sources */,
				6D5D2CC8245C4D9F005C2694 /* AppDelegate.swift in Sources */,
				6D6A4E39245DC1050041EF9A /* FlowerView.swift in Sources */,
				6D5D2CCA245C4D9F005C2694 /* SceneDelegate.swift in Sources */,
				6D5D2CCC245C4D9F005C2694 /* ContentView.swift in Sources */,
			);
			runOnlyForDeploymentPostprocessing = 0;
		};
/* End PBXSourcesBuildPhase section */

/* Begin PBXVariantGroup section */
		6D5D2CD2245C4DA1005C2694 /* LaunchScreen.storyboard */ = {
			isa = PBXVariantGroup;
			children = (
				6D5D2CD3245C4DA1005C2694 /* Base */,
			);
			name = LaunchScreen.storyboard;
			sourceTree = "<group>";
		};
/* End PBXVariantGroup section */

/* Begin XCBuildConfiguration section */
		6D5D2CD6245C4DA1005C2694 /* Debug */ = {
			isa = XCBuildConfiguration;
			buildSettings = {
				ALWAYS_SEARCH_USER_PATHS = NO;
				CLANG_ANALYZER_NONNULL = YES;
				CLANG_ANALYZER_NUMBER_OBJECT_CONVERSION = YES_AGGRESSIVE;
				CLANG_CXX_LANGUAGE_STANDARD = "gnu++14";
				CLANG_CXX_LIBRARY = "libc++";
				CLANG_ENABLE_MODULES = YES;
				CLANG_ENABLE_OBJC_ARC = YES;
				CLANG_ENABLE_OBJC_WEAK = YES;
				CLANG_WARN_BLOCK_CAPTURE_AUTORELEASING = YES;
				CLANG_WARN_BOOL_CONVERSION = YES;
				CLANG_WARN_COMMA = YES;
				CLANG_WARN_CONSTANT_CONVERSION = YES;
				CLANG_WARN_DEPRECATED_OBJC_IMPLEMENTATIONS = YES;
				CLANG_WARN_DIRECT_OBJC_ISA_USAGE = YES_ERROR;
				CLANG_WARN_DOCUMENTATION_COMMENTS = YES;
				CLANG_WARN_EMPTY_BODY = YES;
				CLANG_WARN_ENUM_CONVERSION = YES;
				CLANG_WARN_INFINITE_RECURSION = YES;
				CLANG_WARN_INT_CONVERSION = YES;
				CLANG_WARN_NON_LITERAL_NULL_CONVERSION = YES;
				CLANG_WARN_OBJC_IMPLICIT_RETAIN_SELF = YES;
				CLANG_WARN_OBJC_LITERAL_CONVERSION = YES;
				CLANG_WARN_OBJC_ROOT_CLASS = YES_ERROR;
				CLANG_WARN_RANGE_LOOP_ANALYSIS = YES;
				CLANG_WARN_STRICT_PROTOTYPES = YES;
				CLANG_WARN_SUSPICIOUS_MOVE = YES;
				CLANG_WARN_UNGUARDED_AVAILABILITY = YES_AGGRESSIVE;
				CLANG_WARN_UNREACHABLE_CODE = YES;
				CLANG_WARN__DUPLICATE_METHOD_MATCH = YES;
				COPY_PHASE_STRIP = NO;
				DEBUG_INFORMATION_FORMAT = dwarf;
				ENABLE_STRICT_OBJC_MSGSEND = YES;
				ENABLE_TESTABILITY = YES;
				GCC_C_LANGUAGE_STANDARD = gnu11;
				GCC_DYNAMIC_NO_PIC = NO;
				GCC_NO_COMMON_BLOCKS = YES;
				GCC_OPTIMIZATION_LEVEL = 0;
				GCC_PREPROCESSOR_DEFINITIONS = (
					"DEBUG=1",
					"$(inherited)",
				);
				GCC_WARN_64_TO_32_BIT_CONVERSION = YES;
				GCC_WARN_ABOUT_RETURN_TYPE = YES_ERROR;
				GCC_WARN_UNDECLARED_SELECTOR = YES;
				GCC_WARN_UNINITIALIZED_AUTOS = YES_AGGRESSIVE;
				GCC_WARN_UNUSED_FUNCTION = YES;
				GCC_WARN_UNUSED_VARIABLE = YES;
				IPHONEOS_DEPLOYMENT_TARGET = 13.2;
				MTL_ENABLE_DEBUG_INFO = INCLUDE_SOURCE;
				MTL_FAST_MATH = YES;
				ONLY_ACTIVE_ARCH = YES;
				SDKROOT = iphoneos;
				SWIFT_ACTIVE_COMPILATION_CONDITIONS = DEBUG;
				SWIFT_OPTIMIZATION_LEVEL = "-Onone";
			};
			name = Debug;
		};
		6D5D2CD7245C4DA1005C2694 /* Release */ = {
			isa = XCBuildConfiguration;
			buildSettings = {
				ALWAYS_SEARCH_USER_PATHS = NO;
				CLANG_ANALYZER_NONNULL = YES;
				CLANG_ANALYZER_NUMBER_OBJECT_CONVERSION = YES_AGGRESSIVE;
				CLANG_CXX_LANGUAGE_STANDARD = "gnu++14";
				CLANG_CXX_LIBRARY = "libc++";
				CLANG_ENABLE_MODULES = YES;
				CLANG_ENABLE_OBJC_ARC = YES;
				CLANG_ENABLE_OBJC_WEAK = YES;
				CLANG_WARN_BLOCK_CAPTURE_AUTORELEASING = YES;
				CLANG_WARN_BOOL_CONVERSION = YES;
				CLANG_WARN_COMMA = YES;
				CLANG_WARN_CONSTANT_CONVERSION = YES;
				CLANG_WARN_DEPRECATED_OBJC_IMPLEMENTATIONS = YES;
				CLANG_WARN_DIRECT_OBJC_ISA_USAGE = YES_ERROR;
				CLANG_WARN_DOCUMENTATION_COMMENTS = YES;
				CLANG_WARN_EMPTY_BODY = YES;
				CLANG_WARN_ENUM_CONVERSION = YES;
				CLANG_WARN_INFINITE_RECURSION = YES;
				CLANG_WARN_INT_CONVERSION = YES;
				CLANG_WARN_NON_LITERAL_NULL_CONVERSION = YES;
				CLANG_WARN_OBJC_IMPLICIT_RETAIN_SELF = YES;
				CLANG_WARN_OBJC_LITERAL_CONVERSION = YES;
				CLANG_WARN_OBJC_ROOT_CLASS = YES_ERROR;
				CLANG_WARN_RANGE_LOOP_ANALYSIS = YES;
				CLANG_WARN_STRICT_PROTOTYPES = YES;
				CLANG_WARN_SUSPICIOUS_MOVE = YES;
				CLANG_WARN_UNGUARDED_AVAILABILITY = YES_AGGRESSIVE;
				CLANG_WARN_UNREACHABLE_CODE = YES;
				CLANG_WARN__DUPLICATE_METHOD_MATCH = YES;
				COPY_PHASE_STRIP = NO;
				DEBUG_INFORMATION_FORMAT = "dwarf-with-dsym";
				ENABLE_NS_ASSERTIONS = NO;
				ENABLE_STRICT_OBJC_MSGSEND = YES;
				GCC_C_LANGUAGE_STANDARD = gnu11;
				GCC_NO_COMMON_BLOCKS = YES;
				GCC_WARN_64_TO_32_BIT_CONVERSION = YES;
				GCC_WARN_ABOUT_RETURN_TYPE = YES_ERROR;
				GCC_WARN_UNDECLARED_SELECTOR = YES;
				GCC_WARN_UNINITIALIZED_AUTOS = YES_AGGRESSIVE;
				GCC_WARN_UNUSED_FUNCTION = YES;
				GCC_WARN_UNUSED_VARIABLE = YES;
				IPHONEOS_DEPLOYMENT_TARGET = 13.2;
				MTL_ENABLE_DEBUG_INFO = NO;
				MTL_FAST_MATH = YES;
				SDKROOT = iphoneos;
				SWIFT_COMPILATION_MODE = wholemodule;
				SWIFT_OPTIMIZATION_LEVEL = "-O";
				VALIDATE_PRODUCT = YES;
			};
			name = Release;
		};
		6D5D2CD9245C4DA1005C2694 /* Debug */ = {
			isa = XCBuildConfiguration;
			buildSettings = {
				ASSETCATALOG_COMPILER_APPICON_NAME = AppIcon;
				CODE_SIGN_STYLE = Automatic;
				DEVELOPMENT_ASSET_PATHS = "\"Drawing/Preview Content\"";
				DEVELOPMENT_TEAM = 32J3958STN;
				ENABLE_PREVIEWS = YES;
				INFOPLIST_FILE = Drawing/Info.plist;
				LD_RUNPATH_SEARCH_PATHS = (
					"$(inherited)",
					"@executable_path/Frameworks",
				);
				PRODUCT_BUNDLE_IDENTIFIER = com.Alexani.Drawing;
				PRODUCT_NAME = "$(TARGET_NAME)";
				SWIFT_VERSION = 5.0;
				TARGETED_DEVICE_FAMILY = "1,2";
			};
			name = Debug;
		};
		6D5D2CDA245C4DA1005C2694 /* Release */ = {
			isa = XCBuildConfiguration;
			buildSettings = {
				ASSETCATALOG_COMPILER_APPICON_NAME = AppIcon;
				CODE_SIGN_STYLE = Automatic;
				DEVELOPMENT_ASSET_PATHS = "\"Drawing/Preview Content\"";
				DEVELOPMENT_TEAM = 32J3958STN;
				ENABLE_PREVIEWS = YES;
				INFOPLIST_FILE = Drawing/Info.plist;
				LD_RUNPATH_SEARCH_PATHS = (
					"$(inherited)",
					"@executable_path/Frameworks",
				);
				PRODUCT_BUNDLE_IDENTIFIER = com.Alexani.Drawing;
				PRODUCT_NAME = "$(TARGET_NAME)";
				SWIFT_VERSION = 5.0;
				TARGETED_DEVICE_FAMILY = "1,2";
			};
			name = Release;
		};
/* End XCBuildConfiguration section */

/* Begin XCConfigurationList section */
		6D5D2CBF245C4D9F005C2694 /* Build configuration list for PBXProject "Drawing" */ = {
			isa = XCConfigurationList;
			buildConfigurations = (
				6D5D2CD6245C4DA1005C2694 /* Debug */,
				6D5D2CD7245C4DA1005C2694 /* Release */,
			);
			defaultConfigurationIsVisible = 0;
			defaultConfigurationName = Release;
		};
		6D5D2CD8245C4DA1005C2694 /* Build configuration list for PBXNativeTarget "Drawing" */ = {
			isa = XCConfigurationList;
			buildConfigurations = (
				6D5D2CD9245C4DA1005C2694 /* Debug */,
				6D5D2CDA245C4DA1005C2694 /* Release */,
			);
			defaultConfigurationIsVisible = 0;
			defaultConfigurationName = Release;
		};
/* End XCConfigurationList section */
	};
	rootObject = 6D5D2CBC245C4D9F005C2694 /* Project object */;
}
