// !$*UTF8*$!
{
	archiveVersion = 1;
	classes = {
	};
	objectVersion = 50;
	objects = {

/* Begin PBXBuildFile section */
		6D1FB9B0247D481A00B2EB75 /* MapView.swift in Sources */ = {isa = PBXBuildFile; fileRef = 6D1FB9AF247D481A00B2EB75 /* MapView.swift */; };
		6D1FB9B2247D486600B2EB75 /* ContentView_Day_68.swift in Sources */ = {isa = PBXBuildFile; fileRef = 6D1FB9B1247D486600B2EB75 /* ContentView_Day_68.swift */; };
		6DA3CBCA247E825C0025EFA0 /* ContentView_Day_69.swift in Sources */ = {isa = PBXBuildFile; fileRef = 6DA3CBC9247E825C0025EFA0 /* ContentView_Day_69.swift */; };
		6DAA6043247BD5D800130E68 /* AppDelegate.swift in Sources */ = {isa = PBXBuildFile; fileRef = 6DAA6042247BD5D800130E68 /* AppDelegate.swift */; };
		6DAA6045247BD5D800130E68 /* SceneDelegate.swift in Sources */ = {isa = PBXBuildFile; fileRef = 6DAA6044247BD5D800130E68 /* SceneDelegate.swift */; };
		6DAA6047247BD5D800130E68 /* ContentView.swift in Sources */ = {isa = PBXBuildFile; fileRef = 6DAA6046247BD5D800130E68 /* ContentView.swift */; };
		6DAA6049247BD5DB00130E68 /* Assets.xcassets in Resources */ = {isa = PBXBuildFile; fileRef = 6DAA6048247BD5DB00130E68 /* Assets.xcassets */; };
		6DAA604C247BD5DB00130E68 /* Preview Assets.xcassets in Resources */ = {isa = PBXBuildFile; fileRef = 6DAA604B247BD5DB00130E68 /* Preview Assets.xcassets */; };
		6DAA604F247BD5DB00130E68 /* LaunchScreen.storyboard in Resources */ = {isa = PBXBuildFile; fileRef = 6DAA604D247BD5DB00130E68 /* LaunchScreen.storyboard */; };
		6DAA6057247BDD3E00130E68 /* FileManager+Extension.swift in Sources */ = {isa = PBXBuildFile; fileRef = 6DAA6056247BDD3E00130E68 /* FileManager+Extension.swift */; };
/* End PBXBuildFile section */

/* Begin PBXFileReference section */
		6D1FB9AF247D481A00B2EB75 /* MapView.swift */ = {isa = PBXFileReference; lastKnownFileType = sourcecode.swift; path = MapView.swift; sourceTree = "<group>"; };
		6D1FB9B1247D486600B2EB75 /* ContentView_Day_68.swift */ = {isa = PBXFileReference; fileEncoding = 4; lastKnownFileType = sourcecode.swift; path = ContentView_Day_68.swift; sourceTree = "<group>"; };
		6DA3CBC9247E825C0025EFA0 /* ContentView_Day_69.swift */ = {isa = PBXFileReference; fileEncoding = 4; lastKnownFileType = sourcecode.swift; path = ContentView_Day_69.swift; sourceTree = "<group>"; };
		6DAA603F247BD5D800130E68 /* BucketList.app */ = {isa = PBXFileReference; explicitFileType = wrapper.application; includeInIndex = 0; path = BucketList.app; sourceTree = BUILT_PRODUCTS_DIR; };
		6DAA6042247BD5D800130E68 /* AppDelegate.swift */ = {isa = PBXFileReference; lastKnownFileType = sourcecode.swift; path = AppDelegate.swift; sourceTree = "<group>"; };
		6DAA6044247BD5D800130E68 /* SceneDelegate.swift */ = {isa = PBXFileReference; lastKnownFileType = sourcecode.swift; path = SceneDelegate.swift; sourceTree = "<group>"; };
		6DAA6046247BD5D800130E68 /* ContentView.swift */ = {isa = PBXFileReference; lastKnownFileType = sourcecode.swift; path = ContentView.swift; sourceTree = "<group>"; };
		6DAA6048247BD5DB00130E68 /* Assets.xcassets */ = {isa = PBXFileReference; lastKnownFileType = folder.assetcatalog; path = Assets.xcassets; sourceTree = "<group>"; };
		6DAA604B247BD5DB00130E68 /* Preview Assets.xcassets */ = {isa = PBXFileReference; lastKnownFileType = folder.assetcatalog; path = "Preview Assets.xcassets"; sourceTree = "<group>"; };
		6DAA604E247BD5DB00130E68 /* Base */ = {isa = PBXFileReference; lastKnownFileType = file.storyboard; name = Base; path = Base.lproj/LaunchScreen.storyboard; sourceTree = "<group>"; };
		6DAA6050247BD5DB00130E68 /* Info.plist */ = {isa = PBXFileReference; lastKnownFileType = text.plist.xml; path = Info.plist; sourceTree = "<group>"; };
		6DAA6056247BDD3E00130E68 /* FileManager+Extension.swift */ = {isa = PBXFileReference; lastKnownFileType = sourcecode.swift; path = "FileManager+Extension.swift"; sourceTree = "<group>"; };
/* End PBXFileReference section */

/* Begin PBXFrameworksBuildPhase section */
		6DAA603C247BD5D800130E68 /* Frameworks */ = {
			isa = PBXFrameworksBuildPhase;
			buildActionMask = 2147483647;
			files = (
			);
			runOnlyForDeploymentPostprocessing = 0;
		};
/* End PBXFrameworksBuildPhase section */

/* Begin PBXGroup section */
		6DAA6036247BD5D800130E68 = {
			isa = PBXGroup;
			children = (
				6DAA6041247BD5D800130E68 /* BucketList */,
				6DAA6040247BD5D800130E68 /* Products */,
			);
			sourceTree = "<group>";
		};
		6DAA6040247BD5D800130E68 /* Products */ = {
			isa = PBXGroup;
			children = (
				6DAA603F247BD5D800130E68 /* BucketList.app */,
			);
			name = Products;
			sourceTree = "<group>";
		};
		6DAA6041247BD5D800130E68 /* BucketList */ = {
			isa = PBXGroup;
			children = (
				6DAA6042247BD5D800130E68 /* AppDelegate.swift */,
				6DAA6044247BD5D800130E68 /* SceneDelegate.swift */,
				6DAA6046247BD5D800130E68 /* ContentView.swift */,
				6D1FB9AF247D481A00B2EB75 /* MapView.swift */,
				6DAA6056247BDD3E00130E68 /* FileManager+Extension.swift */,
				6DA3CBC9247E825C0025EFA0 /* ContentView_Day_69.swift */,
				6D1FB9B1247D486600B2EB75 /* ContentView_Day_68.swift */,
				6DAA6048247BD5DB00130E68 /* Assets.xcassets */,
				6DAA604D247BD5DB00130E68 /* LaunchScreen.storyboard */,
				6DAA6050247BD5DB00130E68 /* Info.plist */,
				6DAA604A247BD5DB00130E68 /* Preview Content */,
			);
			path = BucketList;
			sourceTree = "<group>";
		};
		6DAA604A247BD5DB00130E68 /* Preview Content */ = {
			isa = PBXGroup;
			children = (
				6DAA604B247BD5DB00130E68 /* Preview Assets.xcassets */,
			);
			path = "Preview Content";
			sourceTree = "<group>";
		};
/* End PBXGroup section */

/* Begin PBXNativeTarget section */
		6DAA603E247BD5D800130E68 /* BucketList */ = {
			isa = PBXNativeTarget;
			buildConfigurationList = 6DAA6053247BD5DB00130E68 /* Build configuration list for PBXNativeTarget "BucketList" */;
			buildPhases = (
				6DAA603B247BD5D800130E68 /* Sources */,
				6DAA603C247BD5D800130E68 /* Frameworks */,
				6DAA603D247BD5D800130E68 /* Resources */,
			);
			buildRules = (
			);
			dependencies = (
			);
			name = BucketList;
			productName = BucketList;
			productReference = 6DAA603F247BD5D800130E68 /* BucketList.app */;
			productType = "com.apple.product-type.application";
		};
/* End PBXNativeTarget section */

/* Begin PBXProject section */
		6DAA6037247BD5D800130E68 /* Project object */ = {
			isa = PBXProject;
			attributes = {
				LastSwiftUpdateCheck = 1140;
				LastUpgradeCheck = 1140;
				ORGANIZATIONNAME = Alexani;
				TargetAttributes = {
					6DAA603E247BD5D800130E68 = {
						CreatedOnToolsVersion = 11.4.1;
					};
				};
			};
			buildConfigurationList = 6DAA603A247BD5D800130E68 /* Build configuration list for PBXProject "BucketList" */;
			compatibilityVersion = "Xcode 9.3";
			developmentRegion = en;
			hasScannedForEncodings = 0;
			knownRegions = (
				en,
				Base,
			);
			mainGroup = 6DAA6036247BD5D800130E68;
			productRefGroup = 6DAA6040247BD5D800130E68 /* Products */;
			projectDirPath = "";
			projectRoot = "";
			targets = (
				6DAA603E247BD5D800130E68 /* BucketList */,
			);
		};
/* End PBXProject section */

/* Begin PBXResourcesBuildPhase section */
		6DAA603D247BD5D800130E68 /* Resources */ = {
			isa = PBXResourcesBuildPhase;
			buildActionMask = 2147483647;
			files = (
				6DAA604F247BD5DB00130E68 /* LaunchScreen.storyboard in Resources */,
				6DAA604C247BD5DB00130E68 /* Preview Assets.xcassets in Resources */,
				6DAA6049247BD5DB00130E68 /* Assets.xcassets in Resources */,
			);
			runOnlyForDeploymentPostprocessing = 0;
		};
/* End PBXResourcesBuildPhase section */

/* Begin PBXSourcesBuildPhase section */
		6DAA603B247BD5D800130E68 /* Sources */ = {
			isa = PBXSourcesBuildPhase;
			buildActionMask = 2147483647;
			files = (
				6DAA6043247BD5D800130E68 /* AppDelegate.swift in Sources */,
				6DAA6057247BDD3E00130E68 /* FileManager+Extension.swift in Sources */,
				6D1FB9B0247D481A00B2EB75 /* MapView.swift in Sources */,
				6D1FB9B2247D486600B2EB75 /* ContentView_Day_68.swift in Sources */,
				6DAA6045247BD5D800130E68 /* SceneDelegate.swift in Sources */,
				6DAA6047247BD5D800130E68 /* ContentView.swift in Sources */,
				6DA3CBCA247E825C0025EFA0 /* ContentView_Day_69.swift in Sources */,
			);
			runOnlyForDeploymentPostprocessing = 0;
		};
/* End PBXSourcesBuildPhase section */

/* Begin PBXVariantGroup section */
		6DAA604D247BD5DB00130E68 /* LaunchScreen.storyboard */ = {
			isa = PBXVariantGroup;
			children = (
				6DAA604E247BD5DB00130E68 /* Base */,
			);
			name = LaunchScreen.storyboard;
			sourceTree = "<group>";
		};
/* End PBXVariantGroup section */

/* Begin XCBuildConfiguration section */
		6DAA6051247BD5DB00130E68 /* Debug */ = {
			isa = XCBuildConfiguration;
			buildSettings = {
				ALWAYS_SEARCH_USER_PATHS = NO;
				CLANG_ANALYZER_NONNULL = YES;
				CLANG_ANALYZER_NUMBER_OBJECT_CONVERSION = YES_AGGRESSIVE;
				CLANG_CXX_LANGUAGE_STANDARD = "gnu++14";
				CLANG_CXX_LIBRARY = "libc++";
				CLANG_ENABLE_MODULES = YES;
				CLANG_ENABLE_OBJC_ARC = YES;
				CLANG_ENABLE_OBJC_WEAK = YES;
				CLANG_WARN_BLOCK_CAPTURE_AUTORELEASING = YES;
				CLANG_WARN_BOOL_CONVERSION = YES;
				CLANG_WARN_COMMA = YES;
				CLANG_WARN_CONSTANT_CONVERSION = YES;
				CLANG_WARN_DEPRECATED_OBJC_IMPLEMENTATIONS = YES;
				CLANG_WARN_DIRECT_OBJC_ISA_USAGE = YES_ERROR;
				CLANG_WARN_DOCUMENTATION_COMMENTS = YES;
				CLANG_WARN_EMPTY_BODY = YES;
				CLANG_WARN_ENUM_CONVERSION = YES;
				CLANG_WARN_INFINITE_RECURSION = YES;
				CLANG_WARN_INT_CONVERSION = YES;
				CLANG_WARN_NON_LITERAL_NULL_CONVERSION = YES;
				CLANG_WARN_OBJC_IMPLICIT_RETAIN_SELF = YES;
				CLANG_WARN_OBJC_LITERAL_CONVERSION = YES;
				CLANG_WARN_OBJC_ROOT_CLASS = YES_ERROR;
				CLANG_WARN_RANGE_LOOP_ANALYSIS = YES;
				CLANG_WARN_STRICT_PROTOTYPES = YES;
				CLANG_WARN_SUSPICIOUS_MOVE = YES;
				CLANG_WARN_UNGUARDED_AVAILABILITY = YES_AGGRESSIVE;
				CLANG_WARN_UNREACHABLE_CODE = YES;
				CLANG_WARN__DUPLICATE_METHOD_MATCH = YES;
				COPY_PHASE_STRIP = NO;
				DEBUG_INFORMATION_FORMAT = dwarf;
				ENABLE_STRICT_OBJC_MSGSEND = YES;
				ENABLE_TESTABILITY = YES;
				GCC_C_LANGUAGE_STANDARD = gnu11;
				GCC_DYNAMIC_NO_PIC = NO;
				GCC_NO_COMMON_BLOCKS = YES;
				GCC_OPTIMIZATION_LEVEL = 0;
				GCC_PREPROCESSOR_DEFINITIONS = (
					"DEBUG=1",
					"$(inherited)",
				);
				GCC_WARN_64_TO_32_BIT_CONVERSION = YES;
				GCC_WARN_ABOUT_RETURN_TYPE = YES_ERROR;
				GCC_WARN_UNDECLARED_SELECTOR = YES;
				GCC_WARN_UNINITIALIZED_AUTOS = YES_AGGRESSIVE;
				GCC_WARN_UNUSED_FUNCTION = YES;
				GCC_WARN_UNUSED_VARIABLE = YES;
				IPHONEOS_DEPLOYMENT_TARGET = 13.4;
				MTL_ENABLE_DEBUG_INFO = INCLUDE_SOURCE;
				MTL_FAST_MATH = YES;
				ONLY_ACTIVE_ARCH = YES;
				SDKROOT = iphoneos;
				SWIFT_ACTIVE_COMPILATION_CONDITIONS = DEBUG;
				SWIFT_OPTIMIZATION_LEVEL = "-Onone";
			};
			name = Debug;
		};
		6DAA6052247BD5DB00130E68 /* Release */ = {
			isa = XCBuildConfiguration;
			buildSettings = {
				ALWAYS_SEARCH_USER_PATHS = NO;
				CLANG_ANALYZER_NONNULL = YES;
				CLANG_ANALYZER_NUMBER_OBJECT_CONVERSION = YES_AGGRESSIVE;
				CLANG_CXX_LANGUAGE_STANDARD = "gnu++14";
				CLANG_CXX_LIBRARY = "libc++";
				CLANG_ENABLE_MODULES = YES;
				CLANG_ENABLE_OBJC_ARC = YES;
				CLANG_ENABLE_OBJC_WEAK = YES;
				CLANG_WARN_BLOCK_CAPTURE_AUTORELEASING = YES;
				CLANG_WARN_BOOL_CONVERSION = YES;
				CLANG_WARN_COMMA = YES;
				CLANG_WARN_CONSTANT_CONVERSION = YES;
				CLANG_WARN_DEPRECATED_OBJC_IMPLEMENTATIONS = YES;
				CLANG_WARN_DIRECT_OBJC_ISA_USAGE = YES_ERROR;
				CLANG_WARN_DOCUMENTATION_COMMENTS = YES;
				CLANG_WARN_EMPTY_BODY = YES;
				CLANG_WARN_ENUM_CONVERSION = YES;
				CLANG_WARN_INFINITE_RECURSION = YES;
				CLANG_WARN_INT_CONVERSION = YES;
				CLANG_WARN_NON_LITERAL_NULL_CONVERSION = YES;
				CLANG_WARN_OBJC_IMPLICIT_RETAIN_SELF = YES;
				CLANG_WARN_OBJC_LITERAL_CONVERSION = YES;
				CLANG_WARN_OBJC_ROOT_CLASS = YES_ERROR;
				CLANG_WARN_RANGE_LOOP_ANALYSIS = YES;
				CLANG_WARN_STRICT_PROTOTYPES = YES;
				CLANG_WARN_SUSPICIOUS_MOVE = YES;
				CLANG_WARN_UNGUARDED_AVAILABILITY = YES_AGGRESSIVE;
				CLANG_WARN_UNREACHABLE_CODE = YES;
				CLANG_WARN__DUPLICATE_METHOD_MATCH = YES;
				COPY_PHASE_STRIP = NO;
				DEBUG_INFORMATION_FORMAT = "dwarf-with-dsym";
				ENABLE_NS_ASSERTIONS = NO;
				ENABLE_STRICT_OBJC_MSGSEND = YES;
				GCC_C_LANGUAGE_STANDARD = gnu11;
				GCC_NO_COMMON_BLOCKS = YES;
				GCC_WARN_64_TO_32_BIT_CONVERSION = YES;
				GCC_WARN_ABOUT_RETURN_TYPE = YES_ERROR;
				GCC_WARN_UNDECLARED_SELECTOR = YES;
				GCC_WARN_UNINITIALIZED_AUTOS = YES_AGGRESSIVE;
				GCC_WARN_UNUSED_FUNCTION = YES;
				GCC_WARN_UNUSED_VARIABLE = YES;
				IPHONEOS_DEPLOYMENT_TARGET = 13.4;
				MTL_ENABLE_DEBUG_INFO = NO;
				MTL_FAST_MATH = YES;
				SDKROOT = iphoneos;
				SWIFT_COMPILATION_MODE = wholemodule;
				SWIFT_OPTIMIZATION_LEVEL = "-O";
				VALIDATE_PRODUCT = YES;
			};
			name = Release;
		};
		6DAA6054247BD5DB00130E68 /* Debug */ = {
			isa = XCBuildConfiguration;
			buildSettings = {
				ASSETCATALOG_COMPILER_APPICON_NAME = AppIcon;
				CODE_SIGN_STYLE = Automatic;
				DEVELOPMENT_ASSET_PATHS = "\"BucketList/Preview Content\"";
				DEVELOPMENT_TEAM = 32J3958STN;
				ENABLE_PREVIEWS = YES;
				INFOPLIST_FILE = BucketList/Info.plist;
				LD_RUNPATH_SEARCH_PATHS = (
					"$(inherited)",
					"@executable_path/Frameworks",
				);
				PRODUCT_BUNDLE_IDENTIFIER = com.Alexani.BucketList;
				PRODUCT_NAME = "$(TARGET_NAME)";
				SWIFT_VERSION = 5.0;
				TARGETED_DEVICE_FAMILY = "1,2";
			};
			name = Debug;
		};
		6DAA6055247BD5DB00130E68 /* Release */ = {
			isa = XCBuildConfiguration;
			buildSettings = {
				ASSETCATALOG_COMPILER_APPICON_NAME = AppIcon;
				CODE_SIGN_STYLE = Automatic;
				DEVELOPMENT_ASSET_PATHS = "\"BucketList/Preview Content\"";
				DEVELOPMENT_TEAM = 32J3958STN;
				ENABLE_PREVIEWS = YES;
				INFOPLIST_FILE = BucketList/Info.plist;
				LD_RUNPATH_SEARCH_PATHS = (
					"$(inherited)",
					"@executable_path/Frameworks",
				);
				PRODUCT_BUNDLE_IDENTIFIER = com.Alexani.BucketList;
				PRODUCT_NAME = "$(TARGET_NAME)";
				SWIFT_VERSION = 5.0;
				TARGETED_DEVICE_FAMILY = "1,2";
			};
			name = Release;
		};
/* End XCBuildConfiguration section */

/* Begin XCConfigurationList section */
		6DAA603A247BD5D800130E68 /* Build configuration list for PBXProject "BucketList" */ = {
			isa = XCConfigurationList;
			buildConfigurations = (
				6DAA6051247BD5DB00130E68 /* Debug */,
				6DAA6052247BD5DB00130E68 /* Release */,
			);
			defaultConfigurationIsVisible = 0;
			defaultConfigurationName = Release;
		};
		6DAA6053247BD5DB00130E68 /* Build configuration list for PBXNativeTarget "BucketList" */ = {
			isa = XCConfigurationList;
			buildConfigurations = (
				6DAA6054247BD5DB00130E68 /* Debug */,
				6DAA6055247BD5DB00130E68 /* Release */,
			);
			defaultConfigurationIsVisible = 0;
			defaultConfigurationName = Release;
		};
/* End XCConfigurationList section */
	};
	rootObject = 6DAA6037247BD5D800130E68 /* Project object */;
}
