// !$*UTF8*$!
{
	archiveVersion = 1;
	classes = {
	};
	objectVersion = 50;
	objects = {

/* Begin PBXBuildFile section */
		6D2B549624570DAD009E66C3 /* AppDelegate.swift in Sources */ = {isa = PBXBuildFile; fileRef = 6D2B549524570DAD009E66C3 /* AppDelegate.swift */; };
		6D2B549824570DAD009E66C3 /* SceneDelegate.swift in Sources */ = {isa = PBXBuildFile; fileRef = 6D2B549724570DAD009E66C3 /* SceneDelegate.swift */; };
		6D2B549A24570DAD009E66C3 /* ContentView.swift in Sources */ = {isa = PBXBuildFile; fileRef = 6D2B549924570DAD009E66C3 /* ContentView.swift */; };
		6D2B549C24570DB1009E66C3 /* Assets.xcassets in Resources */ = {isa = PBXBuildFile; fileRef = 6D2B549B24570DB1009E66C3 /* Assets.xcassets */; };
		6D2B549F24570DB1009E66C3 /* Preview Assets.xcassets in Resources */ = {isa = PBXBuildFile; fileRef = 6D2B549E24570DB1009E66C3 /* Preview Assets.xcassets */; };
		6D2B54A224570DB1009E66C3 /* LaunchScreen.storyboard in Resources */ = {isa = PBXBuildFile; fileRef = 6D2B54A024570DB1009E66C3 /* LaunchScreen.storyboard */; };
		6DF28379245990FD00563E2B /* Bundle-Decoder.swift in Sources */ = {isa = PBXBuildFile; fileRef = 6DF28378245990FD00563E2B /* Bundle-Decoder.swift */; };
		6DF2837F2459914B00563E2B /* Astronaut.swift in Sources */ = {isa = PBXBuildFile; fileRef = 6DF2837E2459914B00563E2B /* Astronaut.swift */; };
		6DF28381245993C600563E2B /* Mission.swift in Sources */ = {isa = PBXBuildFile; fileRef = 6DF28380245993C600563E2B /* Mission.swift */; };
		6DF2838824599B0600563E2B /* astronauts.json in Resources */ = {isa = PBXBuildFile; fileRef = 6DF2838624599B0500563E2B /* astronauts.json */; };
		6DF2838924599B0600563E2B /* missions.json in Resources */ = {isa = PBXBuildFile; fileRef = 6DF2838724599B0500563E2B /* missions.json */; };
		6DF283A5245B0CBE00563E2B /* MissionView.swift in Sources */ = {isa = PBXBuildFile; fileRef = 6DF283A4245B0CBE00563E2B /* MissionView.swift */; };
		6DF283A7245B1B5F00563E2B /* AstronautView.swift in Sources */ = {isa = PBXBuildFile; fileRef = 6DF283A6245B1B5F00563E2B /* AstronautView.swift */; };
/* End PBXBuildFile section */

/* Begin PBXFileReference section */
		6D2B549224570DAD009E66C3 /* Moonshot.app */ = {isa = PBXFileReference; explicitFileType = wrapper.application; includeInIndex = 0; path = Moonshot.app; sourceTree = BUILT_PRODUCTS_DIR; };
		6D2B549524570DAD009E66C3 /* AppDelegate.swift */ = {isa = PBXFileReference; lastKnownFileType = sourcecode.swift; path = AppDelegate.swift; sourceTree = "<group>"; };
		6D2B549724570DAD009E66C3 /* SceneDelegate.swift */ = {isa = PBXFileReference; lastKnownFileType = sourcecode.swift; path = SceneDelegate.swift; sourceTree = "<group>"; };
		6D2B549924570DAD009E66C3 /* ContentView.swift */ = {isa = PBXFileReference; lastKnownFileType = sourcecode.swift; path = ContentView.swift; sourceTree = "<group>"; };
		6D2B549B24570DB1009E66C3 /* Assets.xcassets */ = {isa = PBXFileReference; lastKnownFileType = folder.assetcatalog; path = Assets.xcassets; sourceTree = "<group>"; };
		6D2B549E24570DB1009E66C3 /* Preview Assets.xcassets */ = {isa = PBXFileReference; lastKnownFileType = folder.assetcatalog; path = "Preview Assets.xcassets"; sourceTree = "<group>"; };
		6D2B54A124570DB1009E66C3 /* Base */ = {isa = PBXFileReference; lastKnownFileType = file.storyboard; name = Base; path = Base.lproj/LaunchScreen.storyboard; sourceTree = "<group>"; };
		6D2B54A324570DB1009E66C3 /* Info.plist */ = {isa = PBXFileReference; lastKnownFileType = text.plist.xml; path = Info.plist; sourceTree = "<group>"; };
		6DF28378245990FD00563E2B /* Bundle-Decoder.swift */ = {isa = PBXFileReference; lastKnownFileType = sourcecode.swift; path = "Bundle-Decoder.swift"; sourceTree = "<group>"; };
		6DF2837E2459914B00563E2B /* Astronaut.swift */ = {isa = PBXFileReference; lastKnownFileType = sourcecode.swift; path = Astronaut.swift; sourceTree = "<group>"; };
		6DF28380245993C600563E2B /* Mission.swift */ = {isa = PBXFileReference; lastKnownFileType = sourcecode.swift; path = Mission.swift; sourceTree = "<group>"; };
		6DF2838624599B0500563E2B /* astronauts.json */ = {isa = PBXFileReference; fileEncoding = 4; lastKnownFileType = text.json; name = astronauts.json; path = "../../../HackingWithSwift-master/SwiftUI/project8/Project8/astronauts.json"; sourceTree = "<group>"; };
		6DF2838724599B0500563E2B /* missions.json */ = {isa = PBXFileReference; fileEncoding = 4; lastKnownFileType = text.json; name = missions.json; path = "../../../HackingWithSwift-master/SwiftUI/project8/Project8/missions.json"; sourceTree = "<group>"; };
		6DF283A4245B0CBE00563E2B /* MissionView.swift */ = {isa = PBXFileReference; lastKnownFileType = sourcecode.swift; path = MissionView.swift; sourceTree = "<group>"; };
		6DF283A6245B1B5F00563E2B /* AstronautView.swift */ = {isa = PBXFileReference; lastKnownFileType = sourcecode.swift; path = AstronautView.swift; sourceTree = "<group>"; };
/* End PBXFileReference section */

/* Begin PBXFrameworksBuildPhase section */
		6D2B548F24570DAD009E66C3 /* Frameworks */ = {
			isa = PBXFrameworksBuildPhase;
			buildActionMask = 2147483647;
			files = (
			);
			runOnlyForDeploymentPostprocessing = 0;
		};
/* End PBXFrameworksBuildPhase section */

/* Begin PBXGroup section */
		6D2B548924570DAD009E66C3 = {
			isa = PBXGroup;
			children = (
				6D2B549424570DAD009E66C3 /* Moonshot */,
				6D2B549324570DAD009E66C3 /* Products */,
			);
			sourceTree = "<group>";
		};
		6D2B549324570DAD009E66C3 /* Products */ = {
			isa = PBXGroup;
			children = (
				6D2B549224570DAD009E66C3 /* Moonshot.app */,
			);
			name = Products;
			sourceTree = "<group>";
		};
		6D2B549424570DAD009E66C3 /* Moonshot */ = {
			isa = PBXGroup;
			children = (
				6D2B549524570DAD009E66C3 /* AppDelegate.swift */,
				6D2B549724570DAD009E66C3 /* SceneDelegate.swift */,
				6D2B549924570DAD009E66C3 /* ContentView.swift */,
				6DF283A4245B0CBE00563E2B /* MissionView.swift */,
				6DF283A6245B1B5F00563E2B /* AstronautView.swift */,
				6DF28378245990FD00563E2B /* Bundle-Decoder.swift */,
				6DF2837E2459914B00563E2B /* Astronaut.swift */,
				6DF28380245993C600563E2B /* Mission.swift */,
				6DF2838624599B0500563E2B /* astronauts.json */,
				6DF2838724599B0500563E2B /* missions.json */,
				6D2B549B24570DB1009E66C3 /* Assets.xcassets */,
				6D2B54A024570DB1009E66C3 /* LaunchScreen.storyboard */,
				6D2B54A324570DB1009E66C3 /* Info.plist */,
				6D2B549D24570DB1009E66C3 /* Preview Content */,
			);
			path = Moonshot;
			sourceTree = "<group>";
		};
		6D2B549D24570DB1009E66C3 /* Preview Content */ = {
			isa = PBXGroup;
			children = (
				6D2B549E24570DB1009E66C3 /* Preview Assets.xcassets */,
			);
			path = "Preview Content";
			sourceTree = "<group>";
		};
/* End PBXGroup section */

/* Begin PBXNativeTarget section */
		6D2B549124570DAD009E66C3 /* Moonshot */ = {
			isa = PBXNativeTarget;
			buildConfigurationList = 6D2B54A624570DB1009E66C3 /* Build configuration list for PBXNativeTarget "Moonshot" */;
			buildPhases = (
				6D2B548E24570DAD009E66C3 /* Sources */,
				6D2B548F24570DAD009E66C3 /* Frameworks */,
				6D2B549024570DAD009E66C3 /* Resources */,
			);
			buildRules = (
			);
			dependencies = (
			);
			name = Moonshot;
			productName = Moonshot;
			productReference = 6D2B549224570DAD009E66C3 /* Moonshot.app */;
			productType = "com.apple.product-type.application";
		};
/* End PBXNativeTarget section */

/* Begin PBXProject section */
		6D2B548A24570DAD009E66C3 /* Project object */ = {
			isa = PBXProject;
			attributes = {
				LastSwiftUpdateCheck = 1130;
				LastUpgradeCheck = 1130;
				ORGANIZATIONNAME = Alexani;
				TargetAttributes = {
					6D2B549124570DAD009E66C3 = {
						CreatedOnToolsVersion = 11.3.1;
					};
				};
			};
			buildConfigurationList = 6D2B548D24570DAD009E66C3 /* Build configuration list for PBXProject "Moonshot" */;
			compatibilityVersion = "Xcode 9.3";
			developmentRegion = en;
			hasScannedForEncodings = 0;
			knownRegions = (
				en,
				Base,
			);
			mainGroup = 6D2B548924570DAD009E66C3;
			productRefGroup = 6D2B549324570DAD009E66C3 /* Products */;
			projectDirPath = "";
			projectRoot = "";
			targets = (
				6D2B549124570DAD009E66C3 /* Moonshot */,
			);
		};
/* End PBXProject section */

/* Begin PBXResourcesBuildPhase section */
		6D2B549024570DAD009E66C3 /* Resources */ = {
			isa = PBXResourcesBuildPhase;
			buildActionMask = 2147483647;
			files = (
				6D2B54A224570DB1009E66C3 /* LaunchScreen.storyboard in Resources */,
				6DF2838924599B0600563E2B /* missions.json in Resources */,
				6D2B549F24570DB1009E66C3 /* Preview Assets.xcassets in Resources */,
				6D2B549C24570DB1009E66C3 /* Assets.xcassets in Resources */,
				6DF2838824599B0600563E2B /* astronauts.json in Resources */,
			);
			runOnlyForDeploymentPostprocessing = 0;
		};
/* End PBXResourcesBuildPhase section */

/* Begin PBXSourcesBuildPhase section */
		6D2B548E24570DAD009E66C3 /* Sources */ = {
			isa = PBXSourcesBuildPhase;
			buildActionMask = 2147483647;
			files = (
				6DF283A5245B0CBE00563E2B /* MissionView.swift in Sources */,
				6DF28381245993C600563E2B /* Mission.swift in Sources */,
				6DF283A7245B1B5F00563E2B /* AstronautView.swift in Sources */,
				6DF28379245990FD00563E2B /* Bundle-Decoder.swift in Sources */,
				6D2B549624570DAD009E66C3 /* AppDelegate.swift in Sources */,
				6DF2837F2459914B00563E2B /* Astronaut.swift in Sources */,
				6D2B549824570DAD009E66C3 /* SceneDelegate.swift in Sources */,
				6D2B549A24570DAD009E66C3 /* ContentView.swift in Sources */,
			);
			runOnlyForDeploymentPostprocessing = 0;
		};
/* End PBXSourcesBuildPhase section */

/* Begin PBXVariantGroup section */
		6D2B54A024570DB1009E66C3 /* LaunchScreen.storyboard */ = {
			isa = PBXVariantGroup;
			children = (
				6D2B54A124570DB1009E66C3 /* Base */,
			);
			name = LaunchScreen.storyboard;
			sourceTree = "<group>";
		};
/* End PBXVariantGroup section */

/* Begin XCBuildConfiguration section */
		6D2B54A424570DB1009E66C3 /* Debug */ = {
			isa = XCBuildConfiguration;
			buildSettings = {
				ALWAYS_SEARCH_USER_PATHS = NO;
				CLANG_ANALYZER_NONNULL = YES;
				CLANG_ANALYZER_NUMBER_OBJECT_CONVERSION = YES_AGGRESSIVE;
				CLANG_CXX_LANGUAGE_STANDARD = "gnu++14";
				CLANG_CXX_LIBRARY = "libc++";
				CLANG_ENABLE_MODULES = YES;
				CLANG_ENABLE_OBJC_ARC = YES;
				CLANG_ENABLE_OBJC_WEAK = YES;
				CLANG_WARN_BLOCK_CAPTURE_AUTORELEASING = YES;
				CLANG_WARN_BOOL_CONVERSION = YES;
				CLANG_WARN_COMMA = YES;
				CLANG_WARN_CONSTANT_CONVERSION = YES;
				CLANG_WARN_DEPRECATED_OBJC_IMPLEMENTATIONS = YES;
				CLANG_WARN_DIRECT_OBJC_ISA_USAGE = YES_ERROR;
				CLANG_WARN_DOCUMENTATION_COMMENTS = YES;
				CLANG_WARN_EMPTY_BODY = YES;
				CLANG_WARN_ENUM_CONVERSION = YES;
				CLANG_WARN_INFINITE_RECURSION = YES;
				CLANG_WARN_INT_CONVERSION = YES;
				CLANG_WARN_NON_LITERAL_NULL_CONVERSION = YES;
				CLANG_WARN_OBJC_IMPLICIT_RETAIN_SELF = YES;
				CLANG_WARN_OBJC_LITERAL_CONVERSION = YES;
				CLANG_WARN_OBJC_ROOT_CLASS = YES_ERROR;
				CLANG_WARN_RANGE_LOOP_ANALYSIS = YES;
				CLANG_WARN_STRICT_PROTOTYPES = YES;
				CLANG_WARN_SUSPICIOUS_MOVE = YES;
				CLANG_WARN_UNGUARDED_AVAILABILITY = YES_AGGRESSIVE;
				CLANG_WARN_UNREACHABLE_CODE = YES;
				CLANG_WARN__DUPLICATE_METHOD_MATCH = YES;
				COPY_PHASE_STRIP = NO;
				DEBUG_INFORMATION_FORMAT = dwarf;
				ENABLE_STRICT_OBJC_MSGSEND = YES;
				ENABLE_TESTABILITY = YES;
				GCC_C_LANGUAGE_STANDARD = gnu11;
				GCC_DYNAMIC_NO_PIC = NO;
				GCC_NO_COMMON_BLOCKS = YES;
				GCC_OPTIMIZATION_LEVEL = 0;
				GCC_PREPROCESSOR_DEFINITIONS = (
					"DEBUG=1",
					"$(inherited)",
				);
				GCC_WARN_64_TO_32_BIT_CONVERSION = YES;
				GCC_WARN_ABOUT_RETURN_TYPE = YES_ERROR;
				GCC_WARN_UNDECLARED_SELECTOR = YES;
				GCC_WARN_UNINITIALIZED_AUTOS = YES_AGGRESSIVE;
				GCC_WARN_UNUSED_FUNCTION = YES;
				GCC_WARN_UNUSED_VARIABLE = YES;
				IPHONEOS_DEPLOYMENT_TARGET = 13.2;
				MTL_ENABLE_DEBUG_INFO = INCLUDE_SOURCE;
				MTL_FAST_MATH = YES;
				ONLY_ACTIVE_ARCH = YES;
				SDKROOT = iphoneos;
				SWIFT_ACTIVE_COMPILATION_CONDITIONS = DEBUG;
				SWIFT_OPTIMIZATION_LEVEL = "-Onone";
			};
			name = Debug;
		};
		6D2B54A524570DB1009E66C3 /* Release */ = {
			isa = XCBuildConfiguration;
			buildSettings = {
				ALWAYS_SEARCH_USER_PATHS = NO;
				CLANG_ANALYZER_NONNULL = YES;
				CLANG_ANALYZER_NUMBER_OBJECT_CONVERSION = YES_AGGRESSIVE;
				CLANG_CXX_LANGUAGE_STANDARD = "gnu++14";
				CLANG_CXX_LIBRARY = "libc++";
				CLANG_ENABLE_MODULES = YES;
				CLANG_ENABLE_OBJC_ARC = YES;
				CLANG_ENABLE_OBJC_WEAK = YES;
				CLANG_WARN_BLOCK_CAPTURE_AUTORELEASING = YES;
				CLANG_WARN_BOOL_CONVERSION = YES;
				CLANG_WARN_COMMA = YES;
				CLANG_WARN_CONSTANT_CONVERSION = YES;
				CLANG_WARN_DEPRECATED_OBJC_IMPLEMENTATIONS = YES;
				CLANG_WARN_DIRECT_OBJC_ISA_USAGE = YES_ERROR;
				CLANG_WARN_DOCUMENTATION_COMMENTS = YES;
				CLANG_WARN_EMPTY_BODY = YES;
				CLANG_WARN_ENUM_CONVERSION = YES;
				CLANG_WARN_INFINITE_RECURSION = YES;
				CLANG_WARN_INT_CONVERSION = YES;
				CLANG_WARN_NON_LITERAL_NULL_CONVERSION = YES;
				CLANG_WARN_OBJC_IMPLICIT_RETAIN_SELF = YES;
				CLANG_WARN_OBJC_LITERAL_CONVERSION = YES;
				CLANG_WARN_OBJC_ROOT_CLASS = YES_ERROR;
				CLANG_WARN_RANGE_LOOP_ANALYSIS = YES;
				CLANG_WARN_STRICT_PROTOTYPES = YES;
				CLANG_WARN_SUSPICIOUS_MOVE = YES;
				CLANG_WARN_UNGUARDED_AVAILABILITY = YES_AGGRESSIVE;
				CLANG_WARN_UNREACHABLE_CODE = YES;
				CLANG_WARN__DUPLICATE_METHOD_MATCH = YES;
				COPY_PHASE_STRIP = NO;
				DEBUG_INFORMATION_FORMAT = "dwarf-with-dsym";
				ENABLE_NS_ASSERTIONS = NO;
				ENABLE_STRICT_OBJC_MSGSEND = YES;
				GCC_C_LANGUAGE_STANDARD = gnu11;
				GCC_NO_COMMON_BLOCKS = YES;
				GCC_WARN_64_TO_32_BIT_CONVERSION = YES;
				GCC_WARN_ABOUT_RETURN_TYPE = YES_ERROR;
				GCC_WARN_UNDECLARED_SELECTOR = YES;
				GCC_WARN_UNINITIALIZED_AUTOS = YES_AGGRESSIVE;
				GCC_WARN_UNUSED_FUNCTION = YES;
				GCC_WARN_UNUSED_VARIABLE = YES;
				IPHONEOS_DEPLOYMENT_TARGET = 13.2;
				MTL_ENABLE_DEBUG_INFO = NO;
				MTL_FAST_MATH = YES;
				SDKROOT = iphoneos;
				SWIFT_COMPILATION_MODE = wholemodule;
				SWIFT_OPTIMIZATION_LEVEL = "-O";
				VALIDATE_PRODUCT = YES;
			};
			name = Release;
		};
		6D2B54A724570DB1009E66C3 /* Debug */ = {
			isa = XCBuildConfiguration;
			buildSettings = {
				ASSETCATALOG_COMPILER_APPICON_NAME = AppIcon;
				CODE_SIGN_STYLE = Automatic;
				DEVELOPMENT_ASSET_PATHS = "\"Moonshot/Preview Content\"";
				DEVELOPMENT_TEAM = 32J3958STN;
				ENABLE_PREVIEWS = YES;
				INFOPLIST_FILE = Moonshot/Info.plist;
				LD_RUNPATH_SEARCH_PATHS = (
					"$(inherited)",
					"@executable_path/Frameworks",
				);
				PRODUCT_BUNDLE_IDENTIFIER = com.Alexani.Moonshot;
				PRODUCT_NAME = "$(TARGET_NAME)";
				SWIFT_VERSION = 5.0;
				TARGETED_DEVICE_FAMILY = "1,2";
			};
			name = Debug;
		};
		6D2B54A824570DB1009E66C3 /* Release */ = {
			isa = XCBuildConfiguration;
			buildSettings = {
				ASSETCATALOG_COMPILER_APPICON_NAME = AppIcon;
				CODE_SIGN_STYLE = Automatic;
				DEVELOPMENT_ASSET_PATHS = "\"Moonshot/Preview Content\"";
				DEVELOPMENT_TEAM = 32J3958STN;
				ENABLE_PREVIEWS = YES;
				INFOPLIST_FILE = Moonshot/Info.plist;
				LD_RUNPATH_SEARCH_PATHS = (
					"$(inherited)",
					"@executable_path/Frameworks",
				);
				PRODUCT_BUNDLE_IDENTIFIER = com.Alexani.Moonshot;
				PRODUCT_NAME = "$(TARGET_NAME)";
				SWIFT_VERSION = 5.0;
				TARGETED_DEVICE_FAMILY = "1,2";
			};
			name = Release;
		};
/* End XCBuildConfiguration section */

/* Begin XCConfigurationList section */
		6D2B548D24570DAD009E66C3 /* Build configuration list for PBXProject "Moonshot" */ = {
			isa = XCConfigurationList;
			buildConfigurations = (
				6D2B54A424570DB1009E66C3 /* Debug */,
				6D2B54A524570DB1009E66C3 /* Release */,
			);
			defaultConfigurationIsVisible = 0;
			defaultConfigurationName = Release;
		};
		6D2B54A624570DB1009E66C3 /* Build configuration list for PBXNativeTarget "Moonshot" */ = {
			isa = XCConfigurationList;
			buildConfigurations = (
				6D2B54A724570DB1009E66C3 /* Debug */,
				6D2B54A824570DB1009E66C3 /* Release */,
			);
			defaultConfigurationIsVisible = 0;
			defaultConfigurationName = Release;
		};
/* End XCConfigurationList section */
	};
	rootObject = 6D2B548A24570DAD009E66C3 /* Project object */;
}
