// !$*UTF8*$!
{
	archiveVersion = 1;
	classes = {
	};
	objectVersion = 50;
	objects = {

/* Begin PBXBuildFile section */
		6D7A29C3246C0FD8009D0EDE /* AppDelegate.swift in Sources */ = {isa = PBXBuildFile; fileRef = 6D7A29C2246C0FD8009D0EDE /* AppDelegate.swift */; };
		6D7A29C5246C0FD8009D0EDE /* SceneDelegate.swift in Sources */ = {isa = PBXBuildFile; fileRef = 6D7A29C4246C0FD8009D0EDE /* SceneDelegate.swift */; };
		6D7A29C8246C0FD8009D0EDE /* Bookworm.xcdatamodeld in Sources */ = {isa = PBXBuildFile; fileRef = 6D7A29C6246C0FD8009D0EDE /* Bookworm.xcdatamodeld */; };
		6D7A29CA246C0FD8009D0EDE /* ContentView.swift in Sources */ = {isa = PBXBuildFile; fileRef = 6D7A29C9246C0FD8009D0EDE /* ContentView.swift */; };
		6D7A29CC246C0FDA009D0EDE /* Assets.xcassets in Resources */ = {isa = PBXBuildFile; fileRef = 6D7A29CB246C0FDA009D0EDE /* Assets.xcassets */; };
		6D7A29CF246C0FDA009D0EDE /* Preview Assets.xcassets in Resources */ = {isa = PBXBuildFile; fileRef = 6D7A29CE246C0FDA009D0EDE /* Preview Assets.xcassets */; };
		6D7A29D2246C0FDA009D0EDE /* LaunchScreen.storyboard in Resources */ = {isa = PBXBuildFile; fileRef = 6D7A29D0246C0FDA009D0EDE /* LaunchScreen.storyboard */; };
		6DCD724F246EC7840002716A /* DetailView.swift in Sources */ = {isa = PBXBuildFile; fileRef = 6DCD724E246EC7840002716A /* DetailView.swift */; };
		6DD0114A246C426E0085BF06 /* Training_ContentView.swift in Sources */ = {isa = PBXBuildFile; fileRef = 6DD01149246C426E0085BF06 /* Training_ContentView.swift */; };
		6DDCAD43246D5BFF007F1177 /* AddBookView.swift in Sources */ = {isa = PBXBuildFile; fileRef = 6DDCAD42246D5BFE007F1177 /* AddBookView.swift */; };
		6DDCAD45246D62E1007F1177 /* RatingView.swift in Sources */ = {isa = PBXBuildFile; fileRef = 6DDCAD44246D62E1007F1177 /* RatingView.swift */; };
		6DDCAD47246D65BE007F1177 /* EmojiRatingView.swift in Sources */ = {isa = PBXBuildFile; fileRef = 6DDCAD46246D65BE007F1177 /* EmojiRatingView.swift */; };
/* End PBXBuildFile section */

/* Begin PBXFileReference section */
		6D7A29BF246C0FD8009D0EDE /* Bookworm.app */ = {isa = PBXFileReference; explicitFileType = wrapper.application; includeInIndex = 0; path = Bookworm.app; sourceTree = BUILT_PRODUCTS_DIR; };
		6D7A29C2246C0FD8009D0EDE /* AppDelegate.swift */ = {isa = PBXFileReference; lastKnownFileType = sourcecode.swift; path = AppDelegate.swift; sourceTree = "<group>"; };
		6D7A29C4246C0FD8009D0EDE /* SceneDelegate.swift */ = {isa = PBXFileReference; lastKnownFileType = sourcecode.swift; path = SceneDelegate.swift; sourceTree = "<group>"; };
		6D7A29C7246C0FD8009D0EDE /* Bookworm.xcdatamodel */ = {isa = PBXFileReference; lastKnownFileType = wrapper.xcdatamodel; path = Bookworm.xcdatamodel; sourceTree = "<group>"; };
		6D7A29C9246C0FD8009D0EDE /* ContentView.swift */ = {isa = PBXFileReference; lastKnownFileType = sourcecode.swift; path = ContentView.swift; sourceTree = "<group>"; };
		6D7A29CB246C0FDA009D0EDE /* Assets.xcassets */ = {isa = PBXFileReference; lastKnownFileType = folder.assetcatalog; path = Assets.xcassets; sourceTree = "<group>"; };
		6D7A29CE246C0FDA009D0EDE /* Preview Assets.xcassets */ = {isa = PBXFileReference; lastKnownFileType = folder.assetcatalog; path = "Preview Assets.xcassets"; sourceTree = "<group>"; };
		6D7A29D1246C0FDA009D0EDE /* Base */ = {isa = PBXFileReference; lastKnownFileType = file.storyboard; name = Base; path = Base.lproj/LaunchScreen.storyboard; sourceTree = "<group>"; };
		6D7A29D3246C0FDA009D0EDE /* Info.plist */ = {isa = PBXFileReference; lastKnownFileType = text.plist.xml; path = Info.plist; sourceTree = "<group>"; };
		6DCD724E246EC7840002716A /* DetailView.swift */ = {isa = PBXFileReference; lastKnownFileType = sourcecode.swift; path = DetailView.swift; sourceTree = "<group>"; };
		6DD01149246C426E0085BF06 /* Training_ContentView.swift */ = {isa = PBXFileReference; lastKnownFileType = sourcecode.swift; path = Training_ContentView.swift; sourceTree = "<group>"; };
		6DDCAD42246D5BFE007F1177 /* AddBookView.swift */ = {isa = PBXFileReference; lastKnownFileType = sourcecode.swift; path = AddBookView.swift; sourceTree = "<group>"; };
		6DDCAD44246D62E1007F1177 /* RatingView.swift */ = {isa = PBXFileReference; lastKnownFileType = sourcecode.swift; path = RatingView.swift; sourceTree = "<group>"; };
		6DDCAD46246D65BE007F1177 /* EmojiRatingView.swift */ = {isa = PBXFileReference; lastKnownFileType = sourcecode.swift; path = EmojiRatingView.swift; sourceTree = "<group>"; };
/* End PBXFileReference section */

/* Begin PBXFrameworksBuildPhase section */
		6D7A29BC246C0FD8009D0EDE /* Frameworks */ = {
			isa = PBXFrameworksBuildPhase;
			buildActionMask = 2147483647;
			files = (
			);
			runOnlyForDeploymentPostprocessing = 0;
		};
/* End PBXFrameworksBuildPhase section */

/* Begin PBXGroup section */
		6D7A29B6246C0FD7009D0EDE = {
			isa = PBXGroup;
			children = (
				6D7A29C1246C0FD8009D0EDE /* Bookworm */,
				6D7A29C0246C0FD8009D0EDE /* Products */,
			);
			sourceTree = "<group>";
		};
		6D7A29C0246C0FD8009D0EDE /* Products */ = {
			isa = PBXGroup;
			children = (
				6D7A29BF246C0FD8009D0EDE /* Bookworm.app */,
			);
			name = Products;
			sourceTree = "<group>";
		};
		6D7A29C1246C0FD8009D0EDE /* Bookworm */ = {
			isa = PBXGroup;
			children = (
				6D7A29C2246C0FD8009D0EDE /* AppDelegate.swift */,
				6D7A29C4246C0FD8009D0EDE /* SceneDelegate.swift */,
				6D7A29C9246C0FD8009D0EDE /* ContentView.swift */,
				6DDCAD42246D5BFE007F1177 /* AddBookView.swift */,
				6DCD724E246EC7840002716A /* DetailView.swift */,
				6DDCAD46246D65BE007F1177 /* EmojiRatingView.swift */,
				6DDCAD44246D62E1007F1177 /* RatingView.swift */,
				6DD01149246C426E0085BF06 /* Training_ContentView.swift */,
				6D7A29CB246C0FDA009D0EDE /* Assets.xcassets */,
				6D7A29D0246C0FDA009D0EDE /* LaunchScreen.storyboard */,
				6D7A29D3246C0FDA009D0EDE /* Info.plist */,
				6D7A29C6246C0FD8009D0EDE /* Bookworm.xcdatamodeld */,
				6D7A29CD246C0FDA009D0EDE /* Preview Content */,
			);
			path = Bookworm;
			sourceTree = "<group>";
		};
		6D7A29CD246C0FDA009D0EDE /* Preview Content */ = {
			isa = PBXGroup;
			children = (
				6D7A29CE246C0FDA009D0EDE /* Preview Assets.xcassets */,
			);
			path = "Preview Content";
			sourceTree = "<group>";
		};
/* End PBXGroup section */

/* Begin PBXNativeTarget section */
		6D7A29BE246C0FD8009D0EDE /* Bookworm */ = {
			isa = PBXNativeTarget;
			buildConfigurationList = 6D7A29D6246C0FDA009D0EDE /* Build configuration list for PBXNativeTarget "Bookworm" */;
			buildPhases = (
				6D7A29BB246C0FD8009D0EDE /* Sources */,
				6D7A29BC246C0FD8009D0EDE /* Frameworks */,
				6D7A29BD246C0FD8009D0EDE /* Resources */,
			);
			buildRules = (
			);
			dependencies = (
			);
			name = Bookworm;
			productName = Bookworm;
			productReference = 6D7A29BF246C0FD8009D0EDE /* Bookworm.app */;
			productType = "com.apple.product-type.application";
		};
/* End PBXNativeTarget section */

/* Begin PBXProject section */
		6D7A29B7246C0FD7009D0EDE /* Project object */ = {
			isa = PBXProject;
			attributes = {
				LastSwiftUpdateCheck = 1140;
				LastUpgradeCheck = 1140;
				ORGANIZATIONNAME = Alexani;
				TargetAttributes = {
					6D7A29BE246C0FD8009D0EDE = {
						CreatedOnToolsVersion = 11.4.1;
					};
				};
			};
			buildConfigurationList = 6D7A29BA246C0FD7009D0EDE /* Build configuration list for PBXProject "Bookworm" */;
			compatibilityVersion = "Xcode 9.3";
			developmentRegion = en;
			hasScannedForEncodings = 0;
			knownRegions = (
				en,
				Base,
			);
			mainGroup = 6D7A29B6246C0FD7009D0EDE;
			productRefGroup = 6D7A29C0246C0FD8009D0EDE /* Products */;
			projectDirPath = "";
			projectRoot = "";
			targets = (
				6D7A29BE246C0FD8009D0EDE /* Bookworm */,
			);
		};
/* End PBXProject section */

/* Begin PBXResourcesBuildPhase section */
		6D7A29BD246C0FD8009D0EDE /* Resources */ = {
			isa = PBXResourcesBuildPhase;
			buildActionMask = 2147483647;
			files = (
				6D7A29D2246C0FDA009D0EDE /* LaunchScreen.storyboard in Resources */,
				6D7A29CF246C0FDA009D0EDE /* Preview Assets.xcassets in Resources */,
				6D7A29CC246C0FDA009D0EDE /* Assets.xcassets in Resources */,
			);
			runOnlyForDeploymentPostprocessing = 0;
		};
/* End PBXResourcesBuildPhase section */

/* Begin PBXSourcesBuildPhase section */
		6D7A29BB246C0FD8009D0EDE /* Sources */ = {
			isa = PBXSourcesBuildPhase;
			buildActionMask = 2147483647;
			files = (
				6DD0114A246C426E0085BF06 /* Training_ContentView.swift in Sources */,
				6DCD724F246EC7840002716A /* DetailView.swift in Sources */,
				6DDCAD43246D5BFF007F1177 /* AddBookView.swift in Sources */,
				6D7A29C3246C0FD8009D0EDE /* AppDelegate.swift in Sources */,
				6D7A29C8246C0FD8009D0EDE /* Bookworm.xcdatamodeld in Sources */,
				6DDCAD47246D65BE007F1177 /* EmojiRatingView.swift in Sources */,
				6D7A29CA246C0FD8009D0EDE /* ContentView.swift in Sources */,
				6D7A29C5246C0FD8009D0EDE /* SceneDelegate.swift in Sources */,
				6DDCAD45246D62E1007F1177 /* RatingView.swift in Sources */,
			);
			runOnlyForDeploymentPostprocessing = 0;
		};
/* End PBXSourcesBuildPhase section */

/* Begin PBXVariantGroup section */
		6D7A29D0246C0FDA009D0EDE /* LaunchScreen.storyboard */ = {
			isa = PBXVariantGroup;
			children = (
				6D7A29D1246C0FDA009D0EDE /* Base */,
			);
			name = LaunchScreen.storyboard;
			sourceTree = "<group>";
		};
/* End PBXVariantGroup section */

/* Begin XCBuildConfiguration section */
		6D7A29D4246C0FDA009D0EDE /* Debug */ = {
			isa = XCBuildConfiguration;
			buildSettings = {
				ALWAYS_SEARCH_USER_PATHS = NO;
				CLANG_ANALYZER_NONNULL = YES;
				CLANG_ANALYZER_NUMBER_OBJECT_CONVERSION = YES_AGGRESSIVE;
				CLANG_CXX_LANGUAGE_STANDARD = "gnu++14";
				CLANG_CXX_LIBRARY = "libc++";
				CLANG_ENABLE_MODULES = YES;
				CLANG_ENABLE_OBJC_ARC = YES;
				CLANG_ENABLE_OBJC_WEAK = YES;
				CLANG_WARN_BLOCK_CAPTURE_AUTORELEASING = YES;
				CLANG_WARN_BOOL_CONVERSION = YES;
				CLANG_WARN_COMMA = YES;
				CLANG_WARN_CONSTANT_CONVERSION = YES;
				CLANG_WARN_DEPRECATED_OBJC_IMPLEMENTATIONS = YES;
				CLANG_WARN_DIRECT_OBJC_ISA_USAGE = YES_ERROR;
				CLANG_WARN_DOCUMENTATION_COMMENTS = YES;
				CLANG_WARN_EMPTY_BODY = YES;
				CLANG_WARN_ENUM_CONVERSION = YES;
				CLANG_WARN_INFINITE_RECURSION = YES;
				CLANG_WARN_INT_CONVERSION = YES;
				CLANG_WARN_NON_LITERAL_NULL_CONVERSION = YES;
				CLANG_WARN_OBJC_IMPLICIT_RETAIN_SELF = YES;
				CLANG_WARN_OBJC_LITERAL_CONVERSION = YES;
				CLANG_WARN_OBJC_ROOT_CLASS = YES_ERROR;
				CLANG_WARN_RANGE_LOOP_ANALYSIS = YES;
				CLANG_WARN_STRICT_PROTOTYPES = YES;
				CLANG_WARN_SUSPICIOUS_MOVE = YES;
				CLANG_WARN_UNGUARDED_AVAILABILITY = YES_AGGRESSIVE;
				CLANG_WARN_UNREACHABLE_CODE = YES;
				CLANG_WARN__DUPLICATE_METHOD_MATCH = YES;
				COPY_PHASE_STRIP = NO;
				DEBUG_INFORMATION_FORMAT = dwarf;
				ENABLE_STRICT_OBJC_MSGSEND = YES;
				ENABLE_TESTABILITY = YES;
				GCC_C_LANGUAGE_STANDARD = gnu11;
				GCC_DYNAMIC_NO_PIC = NO;
				GCC_NO_COMMON_BLOCKS = YES;
				GCC_OPTIMIZATION_LEVEL = 0;
				GCC_PREPROCESSOR_DEFINITIONS = (
					"DEBUG=1",
					"$(inherited)",
				);
				GCC_WARN_64_TO_32_BIT_CONVERSION = YES;
				GCC_WARN_ABOUT_RETURN_TYPE = YES_ERROR;
				GCC_WARN_UNDECLARED_SELECTOR = YES;
				GCC_WARN_UNINITIALIZED_AUTOS = YES_AGGRESSIVE;
				GCC_WARN_UNUSED_FUNCTION = YES;
				GCC_WARN_UNUSED_VARIABLE = YES;
				IPHONEOS_DEPLOYMENT_TARGET = 13.4;
				MTL_ENABLE_DEBUG_INFO = INCLUDE_SOURCE;
				MTL_FAST_MATH = YES;
				ONLY_ACTIVE_ARCH = YES;
				SDKROOT = iphoneos;
				SWIFT_ACTIVE_COMPILATION_CONDITIONS = DEBUG;
				SWIFT_OPTIMIZATION_LEVEL = "-Onone";
			};
			name = Debug;
		};
		6D7A29D5246C0FDA009D0EDE /* Release */ = {
			isa = XCBuildConfiguration;
			buildSettings = {
				ALWAYS_SEARCH_USER_PATHS = NO;
				CLANG_ANALYZER_NONNULL = YES;
				CLANG_ANALYZER_NUMBER_OBJECT_CONVERSION = YES_AGGRESSIVE;
				CLANG_CXX_LANGUAGE_STANDARD = "gnu++14";
				CLANG_CXX_LIBRARY = "libc++";
				CLANG_ENABLE_MODULES = YES;
				CLANG_ENABLE_OBJC_ARC = YES;
				CLANG_ENABLE_OBJC_WEAK = YES;
				CLANG_WARN_BLOCK_CAPTURE_AUTORELEASING = YES;
				CLANG_WARN_BOOL_CONVERSION = YES;
				CLANG_WARN_COMMA = YES;
				CLANG_WARN_CONSTANT_CONVERSION = YES;
				CLANG_WARN_DEPRECATED_OBJC_IMPLEMENTATIONS = YES;
				CLANG_WARN_DIRECT_OBJC_ISA_USAGE = YES_ERROR;
				CLANG_WARN_DOCUMENTATION_COMMENTS = YES;
				CLANG_WARN_EMPTY_BODY = YES;
				CLANG_WARN_ENUM_CONVERSION = YES;
				CLANG_WARN_INFINITE_RECURSION = YES;
				CLANG_WARN_INT_CONVERSION = YES;
				CLANG_WARN_NON_LITERAL_NULL_CONVERSION = YES;
				CLANG_WARN_OBJC_IMPLICIT_RETAIN_SELF = YES;
				CLANG_WARN_OBJC_LITERAL_CONVERSION = YES;
				CLANG_WARN_OBJC_ROOT_CLASS = YES_ERROR;
				CLANG_WARN_RANGE_LOOP_ANALYSIS = YES;
				CLANG_WARN_STRICT_PROTOTYPES = YES;
				CLANG_WARN_SUSPICIOUS_MOVE = YES;
				CLANG_WARN_UNGUARDED_AVAILABILITY = YES_AGGRESSIVE;
				CLANG_WARN_UNREACHABLE_CODE = YES;
				CLANG_WARN__DUPLICATE_METHOD_MATCH = YES;
				COPY_PHASE_STRIP = NO;
				DEBUG_INFORMATION_FORMAT = "dwarf-with-dsym";
				ENABLE_NS_ASSERTIONS = NO;
				ENABLE_STRICT_OBJC_MSGSEND = YES;
				GCC_C_LANGUAGE_STANDARD = gnu11;
				GCC_NO_COMMON_BLOCKS = YES;
				GCC_WARN_64_TO_32_BIT_CONVERSION = YES;
				GCC_WARN_ABOUT_RETURN_TYPE = YES_ERROR;
				GCC_WARN_UNDECLARED_SELECTOR = YES;
				GCC_WARN_UNINITIALIZED_AUTOS = YES_AGGRESSIVE;
				GCC_WARN_UNUSED_FUNCTION = YES;
				GCC_WARN_UNUSED_VARIABLE = YES;
				IPHONEOS_DEPLOYMENT_TARGET = 13.4;
				MTL_ENABLE_DEBUG_INFO = NO;
				MTL_FAST_MATH = YES;
				SDKROOT = iphoneos;
				SWIFT_COMPILATION_MODE = wholemodule;
				SWIFT_OPTIMIZATION_LEVEL = "-O";
				VALIDATE_PRODUCT = YES;
			};
			name = Release;
		};
		6D7A29D7246C0FDA009D0EDE /* Debug */ = {
			isa = XCBuildConfiguration;
			buildSettings = {
				ASSETCATALOG_COMPILER_APPICON_NAME = AppIcon;
				CODE_SIGN_STYLE = Automatic;
				DEVELOPMENT_ASSET_PATHS = "\"Bookworm/Preview Content\"";
				DEVELOPMENT_TEAM = 32J3958STN;
				ENABLE_PREVIEWS = YES;
				INFOPLIST_FILE = Bookworm/Info.plist;
				LD_RUNPATH_SEARCH_PATHS = (
					"$(inherited)",
					"@executable_path/Frameworks",
				);
				PRODUCT_BUNDLE_IDENTIFIER = com.Alexani.Bookworm;
				PRODUCT_NAME = "$(TARGET_NAME)";
				SWIFT_VERSION = 5.0;
				TARGETED_DEVICE_FAMILY = "1,2";
			};
			name = Debug;
		};
		6D7A29D8246C0FDA009D0EDE /* Release */ = {
			isa = XCBuildConfiguration;
			buildSettings = {
				ASSETCATALOG_COMPILER_APPICON_NAME = AppIcon;
				CODE_SIGN_STYLE = Automatic;
				DEVELOPMENT_ASSET_PATHS = "\"Bookworm/Preview Content\"";
				DEVELOPMENT_TEAM = 32J3958STN;
				ENABLE_PREVIEWS = YES;
				INFOPLIST_FILE = Bookworm/Info.plist;
				LD_RUNPATH_SEARCH_PATHS = (
					"$(inherited)",
					"@executable_path/Frameworks",
				);
				PRODUCT_BUNDLE_IDENTIFIER = com.Alexani.Bookworm;
				PRODUCT_NAME = "$(TARGET_NAME)";
				SWIFT_VERSION = 5.0;
				TARGETED_DEVICE_FAMILY = "1,2";
			};
			name = Release;
		};
/* End XCBuildConfiguration section */

/* Begin XCConfigurationList section */
		6D7A29BA246C0FD7009D0EDE /* Build configuration list for PBXProject "Bookworm" */ = {
			isa = XCConfigurationList;
			buildConfigurations = (
				6D7A29D4246C0FDA009D0EDE /* Debug */,
				6D7A29D5246C0FDA009D0EDE /* Release */,
			);
			defaultConfigurationIsVisible = 0;
			defaultConfigurationName = Release;
		};
		6D7A29D6246C0FDA009D0EDE /* Build configuration list for PBXNativeTarget "Bookworm" */ = {
			isa = XCConfigurationList;
			buildConfigurations = (
				6D7A29D7246C0FDA009D0EDE /* Debug */,
				6D7A29D8246C0FDA009D0EDE /* Release */,
			);
			defaultConfigurationIsVisible = 0;
			defaultConfigurationName = Release;
		};
/* End XCConfigurationList section */

/* Begin XCVersionGroup section */
		6D7A29C6246C0FD8009D0EDE /* Bookworm.xcdatamodeld */ = {
			isa = XCVersionGroup;
			children = (
				6D7A29C7246C0FD8009D0EDE /* Bookworm.xcdatamodel */,
			);
			currentVersion = 6D7A29C7246C0FD8009D0EDE /* Bookworm.xcdatamodel */;
			path = Bookworm.xcdatamodeld;
			sourceTree = "<group>";
			versionGroupType = wrapper.xcdatamodel;
		};
/* End XCVersionGroup section */
	};
	rootObject = 6D7A29B7246C0FD7009D0EDE /* Project object */;
}
