// !$*UTF8*$!
{
	archiveVersion = 1;
	classes = {
	};
	objectVersion = 50;
	objects = {

/* Begin PBXBuildFile section */
		6D2ECD9F248FC653009F39FB /* ImageSaver.swift in Sources */ = {isa = PBXBuildFile; fileRef = 6D2ECD9E248FC653009F39FB /* ImageSaver.swift */; };
		6D4145712477FAD400352563 /* ImagePicker.swift in Sources */ = {isa = PBXBuildFile; fileRef = 6D4145702477FAD400352563 /* ImagePicker.swift */; };
		6D4145732477FB2800352563 /* ContentView_Day63.swift in Sources */ = {isa = PBXBuildFile; fileRef = 6D4145722477FB2800352563 /* ContentView_Day63.swift */; };
		6D414575247800BE00352563 /* ContentView_Day64.swift in Sources */ = {isa = PBXBuildFile; fileRef = 6D414574247800BE00352563 /* ContentView_Day64.swift */; };
		6DD94735247686B000FE087F /* AppDelegate.swift in Sources */ = {isa = PBXBuildFile; fileRef = 6DD94734247686B000FE087F /* AppDelegate.swift */; };
		6DD94737247686B000FE087F /* SceneDelegate.swift in Sources */ = {isa = PBXBuildFile; fileRef = 6DD94736247686B000FE087F /* SceneDelegate.swift */; };
		6DD94739247686B000FE087F /* ContentView.swift in Sources */ = {isa = PBXBuildFile; fileRef = 6DD94738247686B000FE087F /* ContentView.swift */; };
		6DD9473B247686B200FE087F /* Assets.xcassets in Resources */ = {isa = PBXBuildFile; fileRef = 6DD9473A247686B200FE087F /* Assets.xcassets */; };
		6DD9473E247686B200FE087F /* Preview Assets.xcassets in Resources */ = {isa = PBXBuildFile; fileRef = 6DD9473D247686B200FE087F /* Preview Assets.xcassets */; };
		6DD94741247686B200FE087F /* LaunchScreen.storyboard in Resources */ = {isa = PBXBuildFile; fileRef = 6DD9473F247686B200FE087F /* LaunchScreen.storyboard */; };
		6DD9474924768C3E00FE087F /* ContentView-Day62.swift in Sources */ = {isa = PBXBuildFile; fileRef = 6DD9474824768C3E00FE087F /* ContentView-Day62.swift */; };
/* End PBXBuildFile section */

/* Begin PBXFileReference section */
		6D2ECD9E248FC653009F39FB /* ImageSaver.swift */ = {isa = PBXFileReference; fileEncoding = 4; lastKnownFileType = sourcecode.swift; path = ImageSaver.swift; sourceTree = "<group>"; };
		6D4145702477FAD400352563 /* ImagePicker.swift */ = {isa = PBXFileReference; lastKnownFileType = sourcecode.swift; path = ImagePicker.swift; sourceTree = "<group>"; };
		6D4145722477FB2800352563 /* ContentView_Day63.swift */ = {isa = PBXFileReference; fileEncoding = 4; lastKnownFileType = sourcecode.swift; path = ContentView_Day63.swift; sourceTree = "<group>"; };
		6D414574247800BE00352563 /* ContentView_Day64.swift */ = {isa = PBXFileReference; fileEncoding = 4; lastKnownFileType = sourcecode.swift; path = ContentView_Day64.swift; sourceTree = "<group>"; };
		6DD94731247686B000FE087F /* Instafilter.app */ = {isa = PBXFileReference; explicitFileType = wrapper.application; includeInIndex = 0; path = Instafilter.app; sourceTree = BUILT_PRODUCTS_DIR; };
		6DD94734247686B000FE087F /* AppDelegate.swift */ = {isa = PBXFileReference; lastKnownFileType = sourcecode.swift; path = AppDelegate.swift; sourceTree = "<group>"; };
		6DD94736247686B000FE087F /* SceneDelegate.swift */ = {isa = PBXFileReference; lastKnownFileType = sourcecode.swift; path = SceneDelegate.swift; sourceTree = "<group>"; };
		6DD94738247686B000FE087F /* ContentView.swift */ = {isa = PBXFileReference; lastKnownFileType = sourcecode.swift; path = ContentView.swift; sourceTree = "<group>"; };
		6DD9473A247686B200FE087F /* Assets.xcassets */ = {isa = PBXFileReference; lastKnownFileType = folder.assetcatalog; path = Assets.xcassets; sourceTree = "<group>"; };
		6DD9473D247686B200FE087F /* Preview Assets.xcassets */ = {isa = PBXFileReference; lastKnownFileType = folder.assetcatalog; path = "Preview Assets.xcassets"; sourceTree = "<group>"; };
		6DD94740247686B200FE087F /* Base */ = {isa = PBXFileReference; lastKnownFileType = file.storyboard; name = Base; path = Base.lproj/LaunchScreen.storyboard; sourceTree = "<group>"; };
		6DD94742247686B200FE087F /* Info.plist */ = {isa = PBXFileReference; lastKnownFileType = text.plist.xml; path = Info.plist; sourceTree = "<group>"; };
		6DD9474824768C3E00FE087F /* ContentView-Day62.swift */ = {isa = PBXFileReference; fileEncoding = 4; lastKnownFileType = sourcecode.swift; path = "ContentView-Day62.swift"; sourceTree = "<group>"; };
/* End PBXFileReference section */

/* Begin PBXFrameworksBuildPhase section */
		6DD9472E247686B000FE087F /* Frameworks */ = {
			isa = PBXFrameworksBuildPhase;
			buildActionMask = 2147483647;
			files = (
			);
			runOnlyForDeploymentPostprocessing = 0;
		};
/* End PBXFrameworksBuildPhase section */

/* Begin PBXGroup section */
		6DD94728247686AF00FE087F = {
			isa = PBXGroup;
			children = (
				6DD94733247686B000FE087F /* Instafilter */,
				6DD94732247686B000FE087F /* Products */,
			);
			sourceTree = "<group>";
		};
		6DD94732247686B000FE087F /* Products */ = {
			isa = PBXGroup;
			children = (
				6DD94731247686B000FE087F /* Instafilter.app */,
			);
			name = Products;
			sourceTree = "<group>";
		};
		6DD94733247686B000FE087F /* Instafilter */ = {
			isa = PBXGroup;
			children = (
				6DD94734247686B000FE087F /* AppDelegate.swift */,
				6DD94736247686B000FE087F /* SceneDelegate.swift */,
				6DD94738247686B000FE087F /* ContentView.swift */,
				6D4145702477FAD400352563 /* ImagePicker.swift */,
				6D2ECD9E248FC653009F39FB /* ImageSaver.swift */,
				6D414574247800BE00352563 /* ContentView_Day64.swift */,
				6D4145722477FB2800352563 /* ContentView_Day63.swift */,
				6DD9474824768C3E00FE087F /* ContentView-Day62.swift */,
				6DD9473A247686B200FE087F /* Assets.xcassets */,
				6DD9473F247686B200FE087F /* LaunchScreen.storyboard */,
				6DD94742247686B200FE087F /* Info.plist */,
				6DD9473C247686B200FE087F /* Preview Content */,
			);
			path = Instafilter;
			sourceTree = "<group>";
		};
		6DD9473C247686B200FE087F /* Preview Content */ = {
			isa = PBXGroup;
			children = (
				6DD9473D247686B200FE087F /* Preview Assets.xcassets */,
			);
			path = "Preview Content";
			sourceTree = "<group>";
		};
/* End PBXGroup section */

/* Begin PBXNativeTarget section */
		6DD94730247686B000FE087F /* Instafilter */ = {
			isa = PBXNativeTarget;
			buildConfigurationList = 6DD94745247686B200FE087F /* Build configuration list for PBXNativeTarget "Instafilter" */;
			buildPhases = (
				6DD9472D247686B000FE087F /* Sources */,
				6DD9472E247686B000FE087F /* Frameworks */,
				6DD9472F247686B000FE087F /* Resources */,
			);
			buildRules = (
			);
			dependencies = (
			);
			name = Instafilter;
			productName = Instafilter;
			productReference = 6DD94731247686B000FE087F /* Instafilter.app */;
			productType = "com.apple.product-type.application";
		};
/* End PBXNativeTarget section */

/* Begin PBXProject section */
		6DD94729247686B000FE087F /* Project object */ = {
			isa = PBXProject;
			attributes = {
				LastSwiftUpdateCheck = 1140;
				LastUpgradeCheck = 1140;
				ORGANIZATIONNAME = Alexani;
				TargetAttributes = {
					6DD94730247686B000FE087F = {
						CreatedOnToolsVersion = 11.4.1;
					};
				};
			};
			buildConfigurationList = 6DD9472C247686B000FE087F /* Build configuration list for PBXProject "Instafilter" */;
			compatibilityVersion = "Xcode 9.3";
			developmentRegion = en;
			hasScannedForEncodings = 0;
			knownRegions = (
				en,
				Base,
			);
			mainGroup = 6DD94728247686AF00FE087F;
			productRefGroup = 6DD94732247686B000FE087F /* Products */;
			projectDirPath = "";
			projectRoot = "";
			targets = (
				6DD94730247686B000FE087F /* Instafilter */,
			);
		};
/* End PBXProject section */

/* Begin PBXResourcesBuildPhase section */
		6DD9472F247686B000FE087F /* Resources */ = {
			isa = PBXResourcesBuildPhase;
			buildActionMask = 2147483647;
			files = (
				6DD94741247686B200FE087F /* LaunchScreen.storyboard in Resources */,
				6DD9473E247686B200FE087F /* Preview Assets.xcassets in Resources */,
				6DD9473B247686B200FE087F /* Assets.xcassets in Resources */,
			);
			runOnlyForDeploymentPostprocessing = 0;
		};
/* End PBXResourcesBuildPhase section */

/* Begin PBXSourcesBuildPhase section */
		6DD9472D247686B000FE087F /* Sources */ = {
			isa = PBXSourcesBuildPhase;
			buildActionMask = 2147483647;
			files = (
				6DD94735247686B000FE087F /* AppDelegate.swift in Sources */,
				6DD94737247686B000FE087F /* SceneDelegate.swift in Sources */,
				6D4145712477FAD400352563 /* ImagePicker.swift in Sources */,
				6DD94739247686B000FE087F /* ContentView.swift in Sources */,
				6D4145732477FB2800352563 /* ContentView_Day63.swift in Sources */,
				6D414575247800BE00352563 /* ContentView_Day64.swift in Sources */,
				6DD9474924768C3E00FE087F /* ContentView-Day62.swift in Sources */,
				6D2ECD9F248FC653009F39FB /* ImageSaver.swift in Sources */,
			);
			runOnlyForDeploymentPostprocessing = 0;
		};
/* End PBXSourcesBuildPhase section */

/* Begin PBXVariantGroup section */
		6DD9473F247686B200FE087F /* LaunchScreen.storyboard */ = {
			isa = PBXVariantGroup;
			children = (
				6DD94740247686B200FE087F /* Base */,
			);
			name = LaunchScreen.storyboard;
			sourceTree = "<group>";
		};
/* End PBXVariantGroup section */

/* Begin XCBuildConfiguration section */
		6DD94743247686B200FE087F /* Debug */ = {
			isa = XCBuildConfiguration;
			buildSettings = {
				ALWAYS_SEARCH_USER_PATHS = NO;
				CLANG_ANALYZER_NONNULL = YES;
				CLANG_ANALYZER_NUMBER_OBJECT_CONVERSION = YES_AGGRESSIVE;
				CLANG_CXX_LANGUAGE_STANDARD = "gnu++14";
				CLANG_CXX_LIBRARY = "libc++";
				CLANG_ENABLE_MODULES = YES;
				CLANG_ENABLE_OBJC_ARC = YES;
				CLANG_ENABLE_OBJC_WEAK = YES;
				CLANG_WARN_BLOCK_CAPTURE_AUTORELEASING = YES;
				CLANG_WARN_BOOL_CONVERSION = YES;
				CLANG_WARN_COMMA = YES;
				CLANG_WARN_CONSTANT_CONVERSION = YES;
				CLANG_WARN_DEPRECATED_OBJC_IMPLEMENTATIONS = YES;
				CLANG_WARN_DIRECT_OBJC_ISA_USAGE = YES_ERROR;
				CLANG_WARN_DOCUMENTATION_COMMENTS = YES;
				CLANG_WARN_EMPTY_BODY = YES;
				CLANG_WARN_ENUM_CONVERSION = YES;
				CLANG_WARN_INFINITE_RECURSION = YES;
				CLANG_WARN_INT_CONVERSION = YES;
				CLANG_WARN_NON_LITERAL_NULL_CONVERSION = YES;
				CLANG_WARN_OBJC_IMPLICIT_RETAIN_SELF = YES;
				CLANG_WARN_OBJC_LITERAL_CONVERSION = YES;
				CLANG_WARN_OBJC_ROOT_CLASS = YES_ERROR;
				CLANG_WARN_RANGE_LOOP_ANALYSIS = YES;
				CLANG_WARN_STRICT_PROTOTYPES = YES;
				CLANG_WARN_SUSPICIOUS_MOVE = YES;
				CLANG_WARN_UNGUARDED_AVAILABILITY = YES_AGGRESSIVE;
				CLANG_WARN_UNREACHABLE_CODE = YES;
				CLANG_WARN__DUPLICATE_METHOD_MATCH = YES;
				COPY_PHASE_STRIP = NO;
				DEBUG_INFORMATION_FORMAT = dwarf;
				ENABLE_STRICT_OBJC_MSGSEND = YES;
				ENABLE_TESTABILITY = YES;
				GCC_C_LANGUAGE_STANDARD = gnu11;
				GCC_DYNAMIC_NO_PIC = NO;
				GCC_NO_COMMON_BLOCKS = YES;
				GCC_OPTIMIZATION_LEVEL = 0;
				GCC_PREPROCESSOR_DEFINITIONS = (
					"DEBUG=1",
					"$(inherited)",
				);
				GCC_WARN_64_TO_32_BIT_CONVERSION = YES;
				GCC_WARN_ABOUT_RETURN_TYPE = YES_ERROR;
				GCC_WARN_UNDECLARED_SELECTOR = YES;
				GCC_WARN_UNINITIALIZED_AUTOS = YES_AGGRESSIVE;
				GCC_WARN_UNUSED_FUNCTION = YES;
				GCC_WARN_UNUSED_VARIABLE = YES;
				IPHONEOS_DEPLOYMENT_TARGET = 13.4;
				MTL_ENABLE_DEBUG_INFO = INCLUDE_SOURCE;
				MTL_FAST_MATH = YES;
				ONLY_ACTIVE_ARCH = YES;
				SDKROOT = iphoneos;
				SWIFT_ACTIVE_COMPILATION_CONDITIONS = DEBUG;
				SWIFT_OPTIMIZATION_LEVEL = "-Onone";
			};
			name = Debug;
		};
		6DD94744247686B200FE087F /* Release */ = {
			isa = XCBuildConfiguration;
			buildSettings = {
				ALWAYS_SEARCH_USER_PATHS = NO;
				CLANG_ANALYZER_NONNULL = YES;
				CLANG_ANALYZER_NUMBER_OBJECT_CONVERSION = YES_AGGRESSIVE;
				CLANG_CXX_LANGUAGE_STANDARD = "gnu++14";
				CLANG_CXX_LIBRARY = "libc++";
				CLANG_ENABLE_MODULES = YES;
				CLANG_ENABLE_OBJC_ARC = YES;
				CLANG_ENABLE_OBJC_WEAK = YES;
				CLANG_WARN_BLOCK_CAPTURE_AUTORELEASING = YES;
				CLANG_WARN_BOOL_CONVERSION = YES;
				CLANG_WARN_COMMA = YES;
				CLANG_WARN_CONSTANT_CONVERSION = YES;
				CLANG_WARN_DEPRECATED_OBJC_IMPLEMENTATIONS = YES;
				CLANG_WARN_DIRECT_OBJC_ISA_USAGE = YES_ERROR;
				CLANG_WARN_DOCUMENTATION_COMMENTS = YES;
				CLANG_WARN_EMPTY_BODY = YES;
				CLANG_WARN_ENUM_CONVERSION = YES;
				CLANG_WARN_INFINITE_RECURSION = YES;
				CLANG_WARN_INT_CONVERSION = YES;
				CLANG_WARN_NON_LITERAL_NULL_CONVERSION = YES;
				CLANG_WARN_OBJC_IMPLICIT_RETAIN_SELF = YES;
				CLANG_WARN_OBJC_LITERAL_CONVERSION = YES;
				CLANG_WARN_OBJC_ROOT_CLASS = YES_ERROR;
				CLANG_WARN_RANGE_LOOP_ANALYSIS = YES;
				CLANG_WARN_STRICT_PROTOTYPES = YES;
				CLANG_WARN_SUSPICIOUS_MOVE = YES;
				CLANG_WARN_UNGUARDED_AVAILABILITY = YES_AGGRESSIVE;
				CLANG_WARN_UNREACHABLE_CODE = YES;
				CLANG_WARN__DUPLICATE_METHOD_MATCH = YES;
				COPY_PHASE_STRIP = NO;
				DEBUG_INFORMATION_FORMAT = "dwarf-with-dsym";
				ENABLE_NS_ASSERTIONS = NO;
				ENABLE_STRICT_OBJC_MSGSEND = YES;
				GCC_C_LANGUAGE_STANDARD = gnu11;
				GCC_NO_COMMON_BLOCKS = YES;
				GCC_WARN_64_TO_32_BIT_CONVERSION = YES;
				GCC_WARN_ABOUT_RETURN_TYPE = YES_ERROR;
				GCC_WARN_UNDECLARED_SELECTOR = YES;
				GCC_WARN_UNINITIALIZED_AUTOS = YES_AGGRESSIVE;
				GCC_WARN_UNUSED_FUNCTION = YES;
				GCC_WARN_UNUSED_VARIABLE = YES;
				IPHONEOS_DEPLOYMENT_TARGET = 13.4;
				MTL_ENABLE_DEBUG_INFO = NO;
				MTL_FAST_MATH = YES;
				SDKROOT = iphoneos;
				SWIFT_COMPILATION_MODE = wholemodule;
				SWIFT_OPTIMIZATION_LEVEL = "-O";
				VALIDATE_PRODUCT = YES;
			};
			name = Release;
		};
		6DD94746247686B200FE087F /* Debug */ = {
			isa = XCBuildConfiguration;
			buildSettings = {
				ASSETCATALOG_COMPILER_APPICON_NAME = AppIcon;
				CODE_SIGN_STYLE = Automatic;
				DEVELOPMENT_ASSET_PATHS = "\"Instafilter/Preview Content\"";
				DEVELOPMENT_TEAM = 32J3958STN;
				ENABLE_PREVIEWS = YES;
				INFOPLIST_FILE = Instafilter/Info.plist;
				LD_RUNPATH_SEARCH_PATHS = (
					"$(inherited)",
					"@executable_path/Frameworks",
				);
				PRODUCT_BUNDLE_IDENTIFIER = com.Alexani.Instafilter;
				PRODUCT_NAME = "$(TARGET_NAME)";
				SWIFT_VERSION = 5.0;
				TARGETED_DEVICE_FAMILY = "1,2";
			};
			name = Debug;
		};
		6DD94747247686B200FE087F /* Release */ = {
			isa = XCBuildConfiguration;
			buildSettings = {
				ASSETCATALOG_COMPILER_APPICON_NAME = AppIcon;
				CODE_SIGN_STYLE = Automatic;
				DEVELOPMENT_ASSET_PATHS = "\"Instafilter/Preview Content\"";
				DEVELOPMENT_TEAM = 32J3958STN;
				ENABLE_PREVIEWS = YES;
				INFOPLIST_FILE = Instafilter/Info.plist;
				LD_RUNPATH_SEARCH_PATHS = (
					"$(inherited)",
					"@executable_path/Frameworks",
				);
				PRODUCT_BUNDLE_IDENTIFIER = com.Alexani.Instafilter;
				PRODUCT_NAME = "$(TARGET_NAME)";
				SWIFT_VERSION = 5.0;
				TARGETED_DEVICE_FAMILY = "1,2";
			};
			name = Release;
		};
/* End XCBuildConfiguration section */

/* Begin XCConfigurationList section */
		6DD9472C247686B000FE087F /* Build configuration list for PBXProject "Instafilter" */ = {
			isa = XCConfigurationList;
			buildConfigurations = (
				6DD94743247686B200FE087F /* Debug */,
				6DD94744247686B200FE087F /* Release */,
			);
			defaultConfigurationIsVisible = 0;
			defaultConfigurationName = Release;
		};
		6DD94745247686B200FE087F /* Build configuration list for PBXNativeTarget "Instafilter" */ = {
			isa = XCConfigurationList;
			buildConfigurations = (
				6DD94746247686B200FE087F /* Debug */,
				6DD94747247686B200FE087F /* Release */,
			);
			defaultConfigurationIsVisible = 0;
			defaultConfigurationName = Release;
		};
/* End XCConfigurationList section */
	};
	rootObject = 6DD94729247686B000FE087F /* Project object */;
}
